// !$*UTF8*$!
{
	archiveVersion = 1;
	classes = {
	};
	objectVersion = 50;
	objects = {

/* Begin PBXBuildFile section */
		ED234D8B26815C42004284FA /* NetworkAPI.swift in Sources */ = {isa = PBXBuildFile; fileRef = ED234D8A26815C42004284FA /* NetworkAPI.swift */; };
		ED234D90268162C3004284FA /* MovieDatabaseAPI.swift in Sources */ = {isa = PBXBuildFile; fileRef = ED234D8F268162C3004284FA /* MovieDatabaseAPI.swift */; };
		ED234D9C26816F85004284FA /* MovieSearchViewModel.swift in Sources */ = {isa = PBXBuildFile; fileRef = ED234D9B26816F85004284FA /* MovieSearchViewModel.swift */; };
		ED234DA2268171C0004284FA /* MovieSearchView.swift in Sources */ = {isa = PBXBuildFile; fileRef = ED234DA1268171C0004284FA /* MovieSearchView.swift */; };
		ED234DA72681731C004284FA /* SearchBar.swift in Sources */ = {isa = PBXBuildFile; fileRef = ED234DA62681731C004284FA /* SearchBar.swift */; };
		ED32D3E326795BEB00E0D52C /* MainTabView.swift in Sources */ = {isa = PBXBuildFile; fileRef = ED32D3E226795BEB00E0D52C /* MainTabView.swift */; };
		ED32D3EC26795EFE00E0D52C /* CounterView.swift in Sources */ = {isa = PBXBuildFile; fileRef = ED32D3EB26795EFE00E0D52C /* CounterView.swift */; };
		ED32D402267961BA00E0D52C /* CounterViewModel.swift in Sources */ = {isa = PBXBuildFile; fileRef = ED32D401267961BA00E0D52C /* CounterViewModel.swift */; };
		ED429ED3267EAAC8003DC086 /* ImageLoader.swift in Sources */ = {isa = PBXBuildFile; fileRef = ED429ED2267EAAC8003DC086 /* ImageLoader.swift */; };
		ED429ED8267EAF5A003DC086 /* StreamingPlatforms.swift in Sources */ = {isa = PBXBuildFile; fileRef = ED429ED7267EAF5A003DC086 /* StreamingPlatforms.swift */; };
		ED78603D2674F9E1003B1C67 /* RickSwiftUIApp.swift in Sources */ = {isa = PBXBuildFile; fileRef = ED78603C2674F9E1003B1C67 /* RickSwiftUIApp.swift */; };
		ED7860412674F9E2003B1C67 /* Assets.xcassets in Resources */ = {isa = PBXBuildFile; fileRef = ED7860402674F9E2003B1C67 /* Assets.xcassets */; };
		ED7860442674F9E2003B1C67 /* Preview Assets.xcassets in Resources */ = {isa = PBXBuildFile; fileRef = ED7860432674F9E2003B1C67 /* Preview Assets.xcassets */; };
		ED78604F2674F9E2003B1C67 /* RickSwiftUITests.swift in Sources */ = {isa = PBXBuildFile; fileRef = ED78604E2674F9E2003B1C67 /* RickSwiftUITests.swift */; };
		ED78605A2674F9E2003B1C67 /* RickSwiftUIUITests.swift in Sources */ = {isa = PBXBuildFile; fileRef = ED7860592674F9E2003B1C67 /* RickSwiftUIUITests.swift */; };
		ED78606B2674F9FA003B1C67 /* DateCardView.swift in Sources */ = {isa = PBXBuildFile; fileRef = ED78606A2674F9FA003B1C67 /* DateCardView.swift */; };
		ED7860A1267531F8003B1C67 /* RemoteImageView.swift in Sources */ = {isa = PBXBuildFile; fileRef = ED7860A0267531F8003B1C67 /* RemoteImageView.swift */; };
		EDB0B23D26D838EF008031C2 /* UIColor+Branding.swift in Sources */ = {isa = PBXBuildFile; fileRef = EDB0B23C26D838EF008031C2 /* UIColor+Branding.swift */; };
		EDB0B24126D83B7A008031C2 /* StylizedButton.swift in Sources */ = {isa = PBXBuildFile; fileRef = EDB0B24026D83B7A008031C2 /* StylizedButton.swift */; };
		EDBB7101267969B80082146B /* HomeModel.swift in Sources */ = {isa = PBXBuildFile; fileRef = EDBB7100267969B80082146B /* HomeModel.swift */; };
		EDD790F9267E2C9000757148 /* CounterCardView.swift in Sources */ = {isa = PBXBuildFile; fileRef = EDD790F8267E2C9000757148 /* CounterCardView.swift */; };
		EDD790FE267E2CCE00757148 /* CounterCardCollectionView.swift in Sources */ = {isa = PBXBuildFile; fileRef = EDD790FD267E2CCE00757148 /* CounterCardCollectionView.swift */; };
		EDD79103267E319800757148 /* ScrollingHStackModifier.swift in Sources */ = {isa = PBXBuildFile; fileRef = EDD79102267E319800757148 /* ScrollingHStackModifier.swift */; };
		EDD79110267E9D8C00757148 /* AddButtonView.swift in Sources */ = {isa = PBXBuildFile; fileRef = EDD7910F267E9D8C00757148 /* AddButtonView.swift */; };
		EDD79115267EA0FB00757148 /* DateCategoryView.swift in Sources */ = {isa = PBXBuildFile; fileRef = EDD79114267EA0FB00757148 /* DateCategoryView.swift */; };
		EDD7911A267EA25900757148 /* DateView.swift in Sources */ = {isa = PBXBuildFile; fileRef = EDD79119267EA25900757148 /* DateView.swift */; };
		EDD79123267EA2A600757148 /* DateViewModel.swift in Sources */ = {isa = PBXBuildFile; fileRef = EDD79122267EA2A600757148 /* DateViewModel.swift */; };
		EDD79128267EA2BB00757148 /* DateModel.swift in Sources */ = {isa = PBXBuildFile; fileRef = EDD79127267EA2BB00757148 /* DateModel.swift */; };
		EDD968F626D450220034397C /* LocalMovieWatchList.swift in Sources */ = {isa = PBXBuildFile; fileRef = EDD968F526D450220034397C /* LocalMovieWatchList.swift */; };
		EDD968F826D450370034397C /* MovieWatchListProtocol.swift in Sources */ = {isa = PBXBuildFile; fileRef = EDD968F726D450370034397C /* MovieWatchListProtocol.swift */; };
		EDD968FD26D45A590034397C /* MovieWatchList.swift in Sources */ = {isa = PBXBuildFile; fileRef = EDD968FC26D45A590034397C /* MovieWatchList.swift */; };
		EDD968FF26D45A930034397C /* MovieWatchListViewModel.swift in Sources */ = {isa = PBXBuildFile; fileRef = EDD968FE26D45A930034397C /* MovieWatchListViewModel.swift */; };
		EDD9690126D45C500034397C /* MovieDatabaseProtocol.swift in Sources */ = {isa = PBXBuildFile; fileRef = EDD9690026D45C500034397C /* MovieDatabaseProtocol.swift */; };
		EDD9690626D45E120034397C /* MovieSearchResult.swift in Sources */ = {isa = PBXBuildFile; fileRef = EDD9690526D45E120034397C /* MovieSearchResult.swift */; };
		EDD9690826D45E170034397C /* MovieInformationResult.swift in Sources */ = {isa = PBXBuildFile; fileRef = EDD9690726D45E170034397C /* MovieInformationResult.swift */; };
		EDD9690A26D45F8C0034397C /* MovieSearchMovieDatabaseAPI.swift in Sources */ = {isa = PBXBuildFile; fileRef = EDD9690926D45F8C0034397C /* MovieSearchMovieDatabaseAPI.swift */; };
		EDD9690C26D461F80034397C /* MovieDatabaseSearchResult.swift in Sources */ = {isa = PBXBuildFile; fileRef = EDD9690B26D461F80034397C /* MovieDatabaseSearchResult.swift */; };
		EDD9690F26D551750034397C /* MockMovieDatabaseAPI.swift in Sources */ = {isa = PBXBuildFile; fileRef = EDD9690E26D551750034397C /* MockMovieDatabaseAPI.swift */; };
		EDD9691126D5519B0034397C /* MockMovieInformationResult.swift in Sources */ = {isa = PBXBuildFile; fileRef = EDD9691026D5519B0034397C /* MockMovieInformationResult.swift */; };
		EDD9691326D551B90034397C /* MockMovieSearchResult.swift in Sources */ = {isa = PBXBuildFile; fileRef = EDD9691226D551B90034397C /* MockMovieSearchResult.swift */; };
		EDD9691526D597FC0034397C /* MovieFetcher.swift in Sources */ = {isa = PBXBuildFile; fileRef = EDD9691426D597FC0034397C /* MovieFetcher.swift */; };
		EDD9691726D5A4AC0034397C /* Loadable.swift in Sources */ = {isa = PBXBuildFile; fileRef = EDD9691626D5A4AC0034397C /* Loadable.swift */; };
		EDD9691926D5A9600034397C /* MovieCard.swift in Sources */ = {isa = PBXBuildFile; fileRef = EDD9691826D5A9600034397C /* MovieCard.swift */; };
		EDD9691B26D6E7AA0034397C /* MockMovieWatchList.swift in Sources */ = {isa = PBXBuildFile; fileRef = EDD9691A26D6E7A90034397C /* MockMovieWatchList.swift */; };
		EDD9691F26D6EB0F0034397C /* MovieCardList.swift in Sources */ = {isa = PBXBuildFile; fileRef = EDD9691E26D6EB0F0034397C /* MovieCardList.swift */; };
		EDD9692726D6F2600034397C /* MovieList.swift in Sources */ = {isa = PBXBuildFile; fileRef = EDD9692626D6F2600034397C /* MovieList.swift */; };
		EDD9692926D6F2CB0034397C /* MockMovies.swift in Sources */ = {isa = PBXBuildFile; fileRef = EDD9692826D6F2CB0034397C /* MockMovies.swift */; };
		EDD9692D26D6F4530034397C /* GenreItem.swift in Sources */ = {isa = PBXBuildFile; fileRef = EDD9692C26D6F4530034397C /* GenreItem.swift */; };
		EDD9692F26D6F56C0034397C /* GenreList.swift in Sources */ = {isa = PBXBuildFile; fileRef = EDD9692E26D6F56C0034397C /* GenreList.swift */; };
		EDD9693126D6F93F0034397C /* AddMovieButton.swift in Sources */ = {isa = PBXBuildFile; fileRef = EDD9693026D6F93F0034397C /* AddMovieButton.swift */; };
		EDD9693326D6FA920034397C /* MovieListViewModel.swift in Sources */ = {isa = PBXBuildFile; fileRef = EDD9693226D6FA920034397C /* MovieListViewModel.swift */; };
		EDD9693526D6FB410034397C /* DisplayableMovie.swift in Sources */ = {isa = PBXBuildFile; fileRef = EDD9693426D6FB410034397C /* DisplayableMovie.swift */; };
		EDD9693726D704C20034397C /* MovieListCoordinator.swift in Sources */ = {isa = PBXBuildFile; fileRef = EDD9693626D704C20034397C /* MovieListCoordinator.swift */; };
		EDD9693A26D7051E0034397C /* MovieListCoordinatorViewModel.swift in Sources */ = {isa = PBXBuildFile; fileRef = EDD9693926D7051E0034397C /* MovieListCoordinatorViewModel.swift */; };
		EDD9693C26D7188F0034397C /* MovieDetailSheet.swift in Sources */ = {isa = PBXBuildFile; fileRef = EDD9693B26D7188F0034397C /* MovieDetailSheet.swift */; };
		EDEF7E4A26D8344C00568ED6 /* MovieDetails.swift in Sources */ = {isa = PBXBuildFile; fileRef = EDEF7E4926D8344C00568ED6 /* MovieDetails.swift */; };
		EDFFC97D26D835C300C48912 /* RoundedButtonModifier.swift in Sources */ = {isa = PBXBuildFile; fileRef = EDFFC97C26D835C300C48912 /* RoundedButtonModifier.swift */; };
/* End PBXBuildFile section */

/* Begin PBXContainerItemProxy section */
		ED78604B2674F9E2003B1C67 /* PBXContainerItemProxy */ = {
			isa = PBXContainerItemProxy;
			containerPortal = ED7860312674F9E1003B1C67 /* Project object */;
			proxyType = 1;
			remoteGlobalIDString = ED7860382674F9E1003B1C67;
			remoteInfo = RickSwiftUI;
		};
		ED7860562674F9E2003B1C67 /* PBXContainerItemProxy */ = {
			isa = PBXContainerItemProxy;
			containerPortal = ED7860312674F9E1003B1C67 /* Project object */;
			proxyType = 1;
			remoteGlobalIDString = ED7860382674F9E1003B1C67;
			remoteInfo = RickSwiftUI;
		};
/* End PBXContainerItemProxy section */

/* Begin PBXFileReference section */
		ED234D8A26815C42004284FA /* NetworkAPI.swift */ = {isa = PBXFileReference; lastKnownFileType = sourcecode.swift; path = NetworkAPI.swift; sourceTree = "<group>"; };
		ED234D8F268162C3004284FA /* MovieDatabaseAPI.swift */ = {isa = PBXFileReference; lastKnownFileType = sourcecode.swift; path = MovieDatabaseAPI.swift; sourceTree = "<group>"; };
		ED234D9B26816F85004284FA /* MovieSearchViewModel.swift */ = {isa = PBXFileReference; lastKnownFileType = sourcecode.swift; path = MovieSearchViewModel.swift; sourceTree = "<group>"; };
		ED234DA1268171C0004284FA /* MovieSearchView.swift */ = {isa = PBXFileReference; lastKnownFileType = sourcecode.swift; path = MovieSearchView.swift; sourceTree = "<group>"; };
		ED234DA62681731C004284FA /* SearchBar.swift */ = {isa = PBXFileReference; lastKnownFileType = sourcecode.swift; path = SearchBar.swift; sourceTree = "<group>"; };
		ED32D3E226795BEB00E0D52C /* MainTabView.swift */ = {isa = PBXFileReference; lastKnownFileType = sourcecode.swift; path = MainTabView.swift; sourceTree = "<group>"; };
		ED32D3EB26795EFE00E0D52C /* CounterView.swift */ = {isa = PBXFileReference; lastKnownFileType = sourcecode.swift; path = CounterView.swift; sourceTree = "<group>"; };
		ED32D401267961BA00E0D52C /* CounterViewModel.swift */ = {isa = PBXFileReference; lastKnownFileType = sourcecode.swift; path = CounterViewModel.swift; sourceTree = "<group>"; };
		ED429ED2267EAAC8003DC086 /* ImageLoader.swift */ = {isa = PBXFileReference; lastKnownFileType = sourcecode.swift; path = ImageLoader.swift; sourceTree = "<group>"; };
		ED429ED7267EAF5A003DC086 /* StreamingPlatforms.swift */ = {isa = PBXFileReference; lastKnownFileType = sourcecode.swift; path = StreamingPlatforms.swift; sourceTree = "<group>"; };
		ED7860392674F9E1003B1C67 /* RickSwiftUI.app */ = {isa = PBXFileReference; explicitFileType = wrapper.application; includeInIndex = 0; path = RickSwiftUI.app; sourceTree = BUILT_PRODUCTS_DIR; };
		ED78603C2674F9E1003B1C67 /* RickSwiftUIApp.swift */ = {isa = PBXFileReference; lastKnownFileType = sourcecode.swift; path = RickSwiftUIApp.swift; sourceTree = "<group>"; };
		ED7860402674F9E2003B1C67 /* Assets.xcassets */ = {isa = PBXFileReference; lastKnownFileType = folder.assetcatalog; path = Assets.xcassets; sourceTree = "<group>"; };
		ED7860432674F9E2003B1C67 /* Preview Assets.xcassets */ = {isa = PBXFileReference; lastKnownFileType = folder.assetcatalog; path = "Preview Assets.xcassets"; sourceTree = "<group>"; };
		ED7860452674F9E2003B1C67 /* Info.plist */ = {isa = PBXFileReference; lastKnownFileType = text.plist.xml; path = Info.plist; sourceTree = "<group>"; };
		ED78604A2674F9E2003B1C67 /* RickSwiftUITests.xctest */ = {isa = PBXFileReference; explicitFileType = wrapper.cfbundle; includeInIndex = 0; path = RickSwiftUITests.xctest; sourceTree = BUILT_PRODUCTS_DIR; };
		ED78604E2674F9E2003B1C67 /* RickSwiftUITests.swift */ = {isa = PBXFileReference; lastKnownFileType = sourcecode.swift; path = RickSwiftUITests.swift; sourceTree = "<group>"; };
		ED7860502674F9E2003B1C67 /* Info.plist */ = {isa = PBXFileReference; lastKnownFileType = text.plist.xml; path = Info.plist; sourceTree = "<group>"; };
		ED7860552674F9E2003B1C67 /* RickSwiftUIUITests.xctest */ = {isa = PBXFileReference; explicitFileType = wrapper.cfbundle; includeInIndex = 0; path = RickSwiftUIUITests.xctest; sourceTree = BUILT_PRODUCTS_DIR; };
		ED7860592674F9E2003B1C67 /* RickSwiftUIUITests.swift */ = {isa = PBXFileReference; lastKnownFileType = sourcecode.swift; path = RickSwiftUIUITests.swift; sourceTree = "<group>"; };
		ED78605B2674F9E2003B1C67 /* Info.plist */ = {isa = PBXFileReference; lastKnownFileType = text.plist.xml; path = Info.plist; sourceTree = "<group>"; };
		ED78606A2674F9FA003B1C67 /* DateCardView.swift */ = {isa = PBXFileReference; lastKnownFileType = sourcecode.swift; path = DateCardView.swift; sourceTree = "<group>"; };
		ED7860A0267531F8003B1C67 /* RemoteImageView.swift */ = {isa = PBXFileReference; lastKnownFileType = sourcecode.swift; path = RemoteImageView.swift; sourceTree = "<group>"; };
		EDB0B23C26D838EF008031C2 /* UIColor+Branding.swift */ = {isa = PBXFileReference; lastKnownFileType = sourcecode.swift; path = "UIColor+Branding.swift"; sourceTree = "<group>"; };
		EDB0B24026D83B7A008031C2 /* StylizedButton.swift */ = {isa = PBXFileReference; lastKnownFileType = sourcecode.swift; path = StylizedButton.swift; sourceTree = "<group>"; };
		EDBB7100267969B80082146B /* HomeModel.swift */ = {isa = PBXFileReference; lastKnownFileType = sourcecode.swift; path = HomeModel.swift; sourceTree = "<group>"; };
		EDD790F8267E2C9000757148 /* CounterCardView.swift */ = {isa = PBXFileReference; lastKnownFileType = sourcecode.swift; path = CounterCardView.swift; sourceTree = "<group>"; };
		EDD790FD267E2CCE00757148 /* CounterCardCollectionView.swift */ = {isa = PBXFileReference; lastKnownFileType = sourcecode.swift; path = CounterCardCollectionView.swift; sourceTree = "<group>"; };
		EDD79102267E319800757148 /* ScrollingHStackModifier.swift */ = {isa = PBXFileReference; lastKnownFileType = sourcecode.swift; path = ScrollingHStackModifier.swift; sourceTree = "<group>"; };
		EDD7910F267E9D8C00757148 /* AddButtonView.swift */ = {isa = PBXFileReference; lastKnownFileType = sourcecode.swift; path = AddButtonView.swift; sourceTree = "<group>"; };
		EDD79114267EA0FB00757148 /* DateCategoryView.swift */ = {isa = PBXFileReference; lastKnownFileType = sourcecode.swift; path = DateCategoryView.swift; sourceTree = "<group>"; };
		EDD79119267EA25900757148 /* DateView.swift */ = {isa = PBXFileReference; lastKnownFileType = sourcecode.swift; path = DateView.swift; sourceTree = "<group>"; };
		EDD79122267EA2A600757148 /* DateViewModel.swift */ = {isa = PBXFileReference; lastKnownFileType = sourcecode.swift; path = DateViewModel.swift; sourceTree = "<group>"; };
		EDD79127267EA2BB00757148 /* DateModel.swift */ = {isa = PBXFileReference; lastKnownFileType = sourcecode.swift; path = DateModel.swift; sourceTree = "<group>"; };
		EDD968F526D450220034397C /* LocalMovieWatchList.swift */ = {isa = PBXFileReference; lastKnownFileType = sourcecode.swift; path = LocalMovieWatchList.swift; sourceTree = "<group>"; };
		EDD968F726D450370034397C /* MovieWatchListProtocol.swift */ = {isa = PBXFileReference; lastKnownFileType = sourcecode.swift; path = MovieWatchListProtocol.swift; sourceTree = "<group>"; };
		EDD968FC26D45A590034397C /* MovieWatchList.swift */ = {isa = PBXFileReference; lastKnownFileType = sourcecode.swift; path = MovieWatchList.swift; sourceTree = "<group>"; };
		EDD968FE26D45A930034397C /* MovieWatchListViewModel.swift */ = {isa = PBXFileReference; lastKnownFileType = sourcecode.swift; path = MovieWatchListViewModel.swift; sourceTree = "<group>"; };
		EDD9690026D45C500034397C /* MovieDatabaseProtocol.swift */ = {isa = PBXFileReference; lastKnownFileType = sourcecode.swift; path = MovieDatabaseProtocol.swift; sourceTree = "<group>"; };
		EDD9690526D45E120034397C /* MovieSearchResult.swift */ = {isa = PBXFileReference; lastKnownFileType = sourcecode.swift; path = MovieSearchResult.swift; sourceTree = "<group>"; };
		EDD9690726D45E170034397C /* MovieInformationResult.swift */ = {isa = PBXFileReference; lastKnownFileType = sourcecode.swift; path = MovieInformationResult.swift; sourceTree = "<group>"; };
		EDD9690926D45F8C0034397C /* MovieSearchMovieDatabaseAPI.swift */ = {isa = PBXFileReference; lastKnownFileType = sourcecode.swift; path = MovieSearchMovieDatabaseAPI.swift; sourceTree = "<group>"; };
		EDD9690B26D461F80034397C /* MovieDatabaseSearchResult.swift */ = {isa = PBXFileReference; fileEncoding = 4; lastKnownFileType = sourcecode.swift; path = MovieDatabaseSearchResult.swift; sourceTree = "<group>"; };
		EDD9690E26D551750034397C /* MockMovieDatabaseAPI.swift */ = {isa = PBXFileReference; lastKnownFileType = sourcecode.swift; path = MockMovieDatabaseAPI.swift; sourceTree = "<group>"; };
		EDD9691026D5519B0034397C /* MockMovieInformationResult.swift */ = {isa = PBXFileReference; lastKnownFileType = sourcecode.swift; path = MockMovieInformationResult.swift; sourceTree = "<group>"; };
		EDD9691226D551B90034397C /* MockMovieSearchResult.swift */ = {isa = PBXFileReference; lastKnownFileType = sourcecode.swift; path = MockMovieSearchResult.swift; sourceTree = "<group>"; };
		EDD9691426D597FC0034397C /* MovieFetcher.swift */ = {isa = PBXFileReference; lastKnownFileType = sourcecode.swift; path = MovieFetcher.swift; sourceTree = "<group>"; };
		EDD9691626D5A4AC0034397C /* Loadable.swift */ = {isa = PBXFileReference; lastKnownFileType = sourcecode.swift; path = Loadable.swift; sourceTree = "<group>"; };
		EDD9691826D5A9600034397C /* MovieCard.swift */ = {isa = PBXFileReference; lastKnownFileType = sourcecode.swift; path = MovieCard.swift; sourceTree = "<group>"; };
		EDD9691A26D6E7A90034397C /* MockMovieWatchList.swift */ = {isa = PBXFileReference; lastKnownFileType = sourcecode.swift; path = MockMovieWatchList.swift; sourceTree = "<group>"; };
		EDD9691E26D6EB0F0034397C /* MovieCardList.swift */ = {isa = PBXFileReference; lastKnownFileType = sourcecode.swift; path = MovieCardList.swift; sourceTree = "<group>"; };
		EDD9692626D6F2600034397C /* MovieList.swift */ = {isa = PBXFileReference; lastKnownFileType = sourcecode.swift; path = MovieList.swift; sourceTree = "<group>"; };
		EDD9692826D6F2CB0034397C /* MockMovies.swift */ = {isa = PBXFileReference; lastKnownFileType = sourcecode.swift; path = MockMovies.swift; sourceTree = "<group>"; };
		EDD9692C26D6F4530034397C /* GenreItem.swift */ = {isa = PBXFileReference; lastKnownFileType = sourcecode.swift; path = GenreItem.swift; sourceTree = "<group>"; };
		EDD9692E26D6F56C0034397C /* GenreList.swift */ = {isa = PBXFileReference; lastKnownFileType = sourcecode.swift; path = GenreList.swift; sourceTree = "<group>"; };
		EDD9693026D6F93F0034397C /* AddMovieButton.swift */ = {isa = PBXFileReference; lastKnownFileType = sourcecode.swift; path = AddMovieButton.swift; sourceTree = "<group>"; };
		EDD9693226D6FA920034397C /* MovieListViewModel.swift */ = {isa = PBXFileReference; lastKnownFileType = sourcecode.swift; path = MovieListViewModel.swift; sourceTree = "<group>"; };
		EDD9693426D6FB410034397C /* DisplayableMovie.swift */ = {isa = PBXFileReference; lastKnownFileType = sourcecode.swift; path = DisplayableMovie.swift; sourceTree = "<group>"; };
		EDD9693626D704C20034397C /* MovieListCoordinator.swift */ = {isa = PBXFileReference; lastKnownFileType = sourcecode.swift; path = MovieListCoordinator.swift; sourceTree = "<group>"; };
		EDD9693926D7051E0034397C /* MovieListCoordinatorViewModel.swift */ = {isa = PBXFileReference; lastKnownFileType = sourcecode.swift; path = MovieListCoordinatorViewModel.swift; sourceTree = "<group>"; };
		EDD9693B26D7188F0034397C /* MovieDetailSheet.swift */ = {isa = PBXFileReference; lastKnownFileType = sourcecode.swift; path = MovieDetailSheet.swift; sourceTree = "<group>"; };
		EDEF7E4926D8344C00568ED6 /* MovieDetails.swift */ = {isa = PBXFileReference; lastKnownFileType = sourcecode.swift; path = MovieDetails.swift; sourceTree = "<group>"; };
		EDFFC97C26D835C300C48912 /* RoundedButtonModifier.swift */ = {isa = PBXFileReference; lastKnownFileType = sourcecode.swift; path = RoundedButtonModifier.swift; sourceTree = "<group>"; };
/* End PBXFileReference section */

/* Begin PBXFrameworksBuildPhase section */
		ED7860362674F9E1003B1C67 /* Frameworks */ = {
			isa = PBXFrameworksBuildPhase;
			buildActionMask = 2147483647;
			files = (
			);
			runOnlyForDeploymentPostprocessing = 0;
		};
		ED7860472674F9E2003B1C67 /* Frameworks */ = {
			isa = PBXFrameworksBuildPhase;
			buildActionMask = 2147483647;
			files = (
			);
			runOnlyForDeploymentPostprocessing = 0;
		};
		ED7860522674F9E2003B1C67 /* Frameworks */ = {
			isa = PBXFrameworksBuildPhase;
			buildActionMask = 2147483647;
			files = (
			);
			runOnlyForDeploymentPostprocessing = 0;
		};
/* End PBXFrameworksBuildPhase section */

/* Begin PBXGroup section */
		ED234D8926815C2D004284FA /* Networking */ = {
			isa = PBXGroup;
			children = (
				ED234D8A26815C42004284FA /* NetworkAPI.swift */,
			);
			path = Networking;
			sourceTree = "<group>";
		};
		ED234D97268162F8004284FA /* MovieDatabase */ = {
			isa = PBXGroup;
			children = (
				EDD9690426D45DF80034397C /* MovieDatabaseAPI */,
				EDD9690026D45C500034397C /* MovieDatabaseProtocol.swift */,
				EDD9690726D45E170034397C /* MovieInformationResult.swift */,
				EDD9690526D45E120034397C /* MovieSearchResult.swift */,
			);
			path = MovieDatabase;
			sourceTree = "<group>";
		};
		ED234DA026817111004284FA /* Movie Search */ = {
			isa = PBXGroup;
			children = (
				ED234D9B26816F85004284FA /* MovieSearchViewModel.swift */,
				ED234DA1268171C0004284FA /* MovieSearchView.swift */,
			);
			path = "Movie Search";
			sourceTree = "<group>";
		};
		ED32D3EA26795EE400E0D52C /* Home */ = {
			isa = PBXGroup;
			children = (
				EDBB7100267969B80082146B /* HomeModel.swift */,
				ED32D401267961BA00E0D52C /* CounterViewModel.swift */,
				ED32D3EB26795EFE00E0D52C /* CounterView.swift */,
				EDD790F8267E2C9000757148 /* CounterCardView.swift */,
				EDD790FD267E2CCE00757148 /* CounterCardCollectionView.swift */,
				EDD79102267E319800757148 /* ScrollingHStackModifier.swift */,
			);
			path = Home;
			sourceTree = "<group>";
		};
		ED7860302674F9E1003B1C67 = {
			isa = PBXGroup;
			children = (
				ED78603B2674F9E1003B1C67 /* RickSwiftUI */,
				ED78604D2674F9E2003B1C67 /* RickSwiftUITests */,
				ED7860582674F9E2003B1C67 /* RickSwiftUIUITests */,
				ED78603A2674F9E1003B1C67 /* Products */,
			);
			sourceTree = "<group>";
		};
		ED78603A2674F9E1003B1C67 /* Products */ = {
			isa = PBXGroup;
			children = (
				ED7860392674F9E1003B1C67 /* RickSwiftUI.app */,
				ED78604A2674F9E2003B1C67 /* RickSwiftUITests.xctest */,
				ED7860552674F9E2003B1C67 /* RickSwiftUIUITests.xctest */,
			);
			name = Products;
			sourceTree = "<group>";
		};
		ED78603B2674F9E1003B1C67 /* RickSwiftUI */ = {
			isa = PBXGroup;
			children = (
				EDB0B23B26D838E0008031C2 /* Branding */,
				EDD9692026D6ED5F0034397C /* Model */,
				EDD968FB26D4587E0034397C /* User Interface */,
				ED234D8926815C2D004284FA /* Networking */,
				ED78603C2674F9E1003B1C67 /* RickSwiftUIApp.swift */,
				ED32D3EA26795EE400E0D52C /* Home */,
				EDD7910A267E9D3500757148 /* Date */,
				ED7860402674F9E2003B1C67 /* Assets.xcassets */,
				ED7860452674F9E2003B1C67 /* Info.plist */,
				ED7860422674F9E2003B1C67 /* Preview Content */,
				EDD9691626D5A4AC0034397C /* Loadable.swift */,
			);
			path = RickSwiftUI;
			sourceTree = "<group>";
		};
		ED7860422674F9E2003B1C67 /* Preview Content */ = {
			isa = PBXGroup;
			children = (
				ED7860432674F9E2003B1C67 /* Preview Assets.xcassets */,
			);
			path = "Preview Content";
			sourceTree = "<group>";
		};
		ED78604D2674F9E2003B1C67 /* RickSwiftUITests */ = {
			isa = PBXGroup;
			children = (
				ED78604E2674F9E2003B1C67 /* RickSwiftUITests.swift */,
				ED7860502674F9E2003B1C67 /* Info.plist */,
			);
			path = RickSwiftUITests;
			sourceTree = "<group>";
		};
		ED7860582674F9E2003B1C67 /* RickSwiftUIUITests */ = {
			isa = PBXGroup;
			children = (
				ED7860592674F9E2003B1C67 /* RickSwiftUIUITests.swift */,
				ED78605B2674F9E2003B1C67 /* Info.plist */,
			);
			path = RickSwiftUIUITests;
			sourceTree = "<group>";
		};
		EDB0B23B26D838E0008031C2 /* Branding */ = {
			isa = PBXGroup;
			children = (
				EDB0B23C26D838EF008031C2 /* UIColor+Branding.swift */,
			);
			path = Branding;
			sourceTree = "<group>";
		};
		EDB0B24326D8475C008031C2 /* Movie Details */ = {
			isa = PBXGroup;
			children = (
				EDD9693B26D7188F0034397C /* MovieDetailSheet.swift */,
				EDEF7E4926D8344C00568ED6 /* MovieDetails.swift */,
			);
			path = "Movie Details";
			sourceTree = "<group>";
		};
		EDD7910A267E9D3500757148 /* Date */ = {
			isa = PBXGroup;
			children = (
				ED234DA026817111004284FA /* Movie Search */,
				ED78606A2674F9FA003B1C67 /* DateCardView.swift */,
				EDD7910F267E9D8C00757148 /* AddButtonView.swift */,
				EDD79114267EA0FB00757148 /* DateCategoryView.swift */,
				EDD79119267EA25900757148 /* DateView.swift */,
				EDD79122267EA2A600757148 /* DateViewModel.swift */,
				EDD79127267EA2BB00757148 /* DateModel.swift */,
			);
			path = Date;
			sourceTree = "<group>";
		};
		EDD7912C267EA75500757148 /* Custom Views */ = {
			isa = PBXGroup;
			children = (
				ED7860A0267531F8003B1C67 /* RemoteImageView.swift */,
				ED429ED2267EAAC8003DC086 /* ImageLoader.swift */,
				ED234DA62681731C004284FA /* SearchBar.swift */,
				EDB0B24026D83B7A008031C2 /* StylizedButton.swift */,
			);
			path = "Custom Views";
			sourceTree = "<group>";
		};
		EDD968F426D450150034397C /* Movies */ = {
			isa = PBXGroup;
			children = (
				ED429ED7267EAF5A003DC086 /* StreamingPlatforms.swift */,
				EDD968F526D450220034397C /* LocalMovieWatchList.swift */,
				EDD9691426D597FC0034397C /* MovieFetcher.swift */,
				EDD968F726D450370034397C /* MovieWatchListProtocol.swift */,
				ED234D97268162F8004284FA /* MovieDatabase */,
			);
			path = Movies;
			sourceTree = "<group>";
		};
		EDD968FB26D4587E0034397C /* User Interface */ = {
			isa = PBXGroup;
			children = (
				EDD7912C267EA75500757148 /* Custom Views */,
				ED32D3E226795BEB00E0D52C /* MainTabView.swift */,
				EDD9692326D6F2100034397C /* Movies */,
				EDFFC97B26D835B000C48912 /* View Modifiers */,
			);
			path = "User Interface";
			sourceTree = "<group>";
		};
		EDD9690426D45DF80034397C /* MovieDatabaseAPI */ = {
			isa = PBXGroup;
			children = (
				EDD9690926D45F8C0034397C /* MovieSearchMovieDatabaseAPI.swift */,
				ED234D8F268162C3004284FA /* MovieDatabaseAPI.swift */,
				EDD9690B26D461F80034397C /* MovieDatabaseSearchResult.swift */,
			);
			path = MovieDatabaseAPI;
			sourceTree = "<group>";
		};
		EDD9690D26D5514F0034397C /* MockMovieDatabaseAPI */ = {
			isa = PBXGroup;
			children = (
				EDD9690E26D551750034397C /* MockMovieDatabaseAPI.swift */,
				EDD9691026D5519B0034397C /* MockMovieInformationResult.swift */,
				EDD9691226D551B90034397C /* MockMovieSearchResult.swift */,
			);
			path = MockMovieDatabaseAPI;
			sourceTree = "<group>";
		};
		EDD9692026D6ED5F0034397C /* Model */ = {
			isa = PBXGroup;
			children = (
				EDD9692126D6ED720034397C /* Mocks */,
				EDD968F426D450150034397C /* Movies */,
			);
			path = Model;
			sourceTree = "<group>";
		};
		EDD9692126D6ED720034397C /* Mocks */ = {
			isa = PBXGroup;
			children = (
				EDD9692226D6ED9D0034397C /* Movies */,
			);
			path = Mocks;
			sourceTree = "<group>";
		};
		EDD9692226D6ED9D0034397C /* Movies */ = {
			isa = PBXGroup;
			children = (
				EDD9690D26D5514F0034397C /* MockMovieDatabaseAPI */,
				EDD9692826D6F2CB0034397C /* MockMovies.swift */,
				EDD9691A26D6E7A90034397C /* MockMovieWatchList.swift */,
			);
			path = Movies;
			sourceTree = "<group>";
		};
		EDD9692326D6F2100034397C /* Movies */ = {
			isa = PBXGroup;
			children = (
				EDB0B24326D8475C008031C2 /* Movie Details */,
				EDD9693826D704D50034397C /* Components */,
				EDD968FC26D45A590034397C /* MovieWatchList.swift */,
				EDD968FE26D45A930034397C /* MovieWatchListViewModel.swift */,
				EDD9693626D704C20034397C /* MovieListCoordinator.swift */,
				EDD9693926D7051E0034397C /* MovieListCoordinatorViewModel.swift */,
				EDD9692626D6F2600034397C /* MovieList.swift */,
				EDD9693226D6FA920034397C /* MovieListViewModel.swift */,
				EDD9693426D6FB410034397C /* DisplayableMovie.swift */,
			);
			path = Movies;
			sourceTree = "<group>";
		};
		EDD9693826D704D50034397C /* Components */ = {
			isa = PBXGroup;
			children = (
				EDD9693026D6F93F0034397C /* AddMovieButton.swift */,
				EDD9692C26D6F4530034397C /* GenreItem.swift */,
				EDD9692E26D6F56C0034397C /* GenreList.swift */,
				EDD9691826D5A9600034397C /* MovieCard.swift */,
				EDD9691E26D6EB0F0034397C /* MovieCardList.swift */,
			);
			path = Components;
			sourceTree = "<group>";
		};
		EDFFC97B26D835B000C48912 /* View Modifiers */ = {
			isa = PBXGroup;
			children = (
				EDFFC97C26D835C300C48912 /* RoundedButtonModifier.swift */,
			);
			path = "View Modifiers";
			sourceTree = "<group>";
		};
/* End PBXGroup section */

/* Begin PBXNativeTarget section */
		ED7860382674F9E1003B1C67 /* RickSwiftUI */ = {
			isa = PBXNativeTarget;
			buildConfigurationList = ED78605E2674F9E2003B1C67 /* Build configuration list for PBXNativeTarget "RickSwiftUI" */;
			buildPhases = (
				ED7860352674F9E1003B1C67 /* Sources */,
				ED7860362674F9E1003B1C67 /* Frameworks */,
				ED7860372674F9E1003B1C67 /* Resources */,
			);
			buildRules = (
			);
			dependencies = (
			);
			name = RickSwiftUI;
			productName = RickSwiftUI;
			productReference = ED7860392674F9E1003B1C67 /* RickSwiftUI.app */;
			productType = "com.apple.product-type.application";
		};
		ED7860492674F9E2003B1C67 /* RickSwiftUITests */ = {
			isa = PBXNativeTarget;
			buildConfigurationList = ED7860612674F9E2003B1C67 /* Build configuration list for PBXNativeTarget "RickSwiftUITests" */;
			buildPhases = (
				ED7860462674F9E2003B1C67 /* Sources */,
				ED7860472674F9E2003B1C67 /* Frameworks */,
				ED7860482674F9E2003B1C67 /* Resources */,
			);
			buildRules = (
			);
			dependencies = (
				ED78604C2674F9E2003B1C67 /* PBXTargetDependency */,
			);
			name = RickSwiftUITests;
			productName = RickSwiftUITests;
			productReference = ED78604A2674F9E2003B1C67 /* RickSwiftUITests.xctest */;
			productType = "com.apple.product-type.bundle.unit-test";
		};
		ED7860542674F9E2003B1C67 /* RickSwiftUIUITests */ = {
			isa = PBXNativeTarget;
			buildConfigurationList = ED7860642674F9E2003B1C67 /* Build configuration list for PBXNativeTarget "RickSwiftUIUITests" */;
			buildPhases = (
				ED7860512674F9E2003B1C67 /* Sources */,
				ED7860522674F9E2003B1C67 /* Frameworks */,
				ED7860532674F9E2003B1C67 /* Resources */,
			);
			buildRules = (
			);
			dependencies = (
				ED7860572674F9E2003B1C67 /* PBXTargetDependency */,
			);
			name = RickSwiftUIUITests;
			productName = RickSwiftUIUITests;
			productReference = ED7860552674F9E2003B1C67 /* RickSwiftUIUITests.xctest */;
			productType = "com.apple.product-type.bundle.ui-testing";
		};
/* End PBXNativeTarget section */

/* Begin PBXProject section */
		ED7860312674F9E1003B1C67 /* Project object */ = {
			isa = PBXProject;
			attributes = {
				LastSwiftUpdateCheck = 1230;
				LastUpgradeCheck = 1230;
				TargetAttributes = {
					ED7860382674F9E1003B1C67 = {
						CreatedOnToolsVersion = 12.3;
					};
					ED7860492674F9E2003B1C67 = {
						CreatedOnToolsVersion = 12.3;
						TestTargetID = ED7860382674F9E1003B1C67;
					};
					ED7860542674F9E2003B1C67 = {
						CreatedOnToolsVersion = 12.3;
						TestTargetID = ED7860382674F9E1003B1C67;
					};
				};
			};
			buildConfigurationList = ED7860342674F9E1003B1C67 /* Build configuration list for PBXProject "RickSwiftUI" */;
			compatibilityVersion = "Xcode 9.3";
			developmentRegion = en;
			hasScannedForEncodings = 0;
			knownRegions = (
				en,
				Base,
			);
			mainGroup = ED7860302674F9E1003B1C67;
			productRefGroup = ED78603A2674F9E1003B1C67 /* Products */;
			projectDirPath = "";
			projectRoot = "";
			targets = (
				ED7860382674F9E1003B1C67 /* RickSwiftUI */,
				ED7860492674F9E2003B1C67 /* RickSwiftUITests */,
				ED7860542674F9E2003B1C67 /* RickSwiftUIUITests */,
			);
		};
/* End PBXProject section */

/* Begin PBXResourcesBuildPhase section */
		ED7860372674F9E1003B1C67 /* Resources */ = {
			isa = PBXResourcesBuildPhase;
			buildActionMask = 2147483647;
			files = (
				ED7860442674F9E2003B1C67 /* Preview Assets.xcassets in Resources */,
				ED7860412674F9E2003B1C67 /* Assets.xcassets in Resources */,
			);
			runOnlyForDeploymentPostprocessing = 0;
		};
		ED7860482674F9E2003B1C67 /* Resources */ = {
			isa = PBXResourcesBuildPhase;
			buildActionMask = 2147483647;
			files = (
			);
			runOnlyForDeploymentPostprocessing = 0;
		};
		ED7860532674F9E2003B1C67 /* Resources */ = {
			isa = PBXResourcesBuildPhase;
			buildActionMask = 2147483647;
			files = (
			);
			runOnlyForDeploymentPostprocessing = 0;
		};
/* End PBXResourcesBuildPhase section */

/* Begin PBXSourcesBuildPhase section */
		ED7860352674F9E1003B1C67 /* Sources */ = {
			isa = PBXSourcesBuildPhase;
			buildActionMask = 2147483647;
			files = (
				ED234D8B26815C42004284FA /* NetworkAPI.swift in Sources */,
				EDD9691926D5A9600034397C /* MovieCard.swift in Sources */,
				EDFFC97D26D835C300C48912 /* RoundedButtonModifier.swift in Sources */,
				EDD9690126D45C500034397C /* MovieDatabaseProtocol.swift in Sources */,
				EDEF7E4A26D8344C00568ED6 /* MovieDetails.swift in Sources */,
				EDD9690A26D45F8C0034397C /* MovieSearchMovieDatabaseAPI.swift in Sources */,
				EDD9691326D551B90034397C /* MockMovieSearchResult.swift in Sources */,
				EDD79110267E9D8C00757148 /* AddButtonView.swift in Sources */,
				EDD9693726D704C20034397C /* MovieListCoordinator.swift in Sources */,
				EDD79128267EA2BB00757148 /* DateModel.swift in Sources */,
				EDD9692926D6F2CB0034397C /* MockMovies.swift in Sources */,
				EDD9693126D6F93F0034397C /* AddMovieButton.swift in Sources */,
				EDD9693A26D7051E0034397C /* MovieListCoordinatorViewModel.swift in Sources */,
				EDD968FF26D45A930034397C /* MovieWatchListViewModel.swift in Sources */,
				EDD9692726D6F2600034397C /* MovieList.swift in Sources */,
				EDD968F826D450370034397C /* MovieWatchListProtocol.swift in Sources */,
				ED78603D2674F9E1003B1C67 /* RickSwiftUIApp.swift in Sources */,
				EDD9691526D597FC0034397C /* MovieFetcher.swift in Sources */,
				EDD968FD26D45A590034397C /* MovieWatchList.swift in Sources */,
				EDD9692D26D6F4530034397C /* GenreItem.swift in Sources */,
				EDD9691B26D6E7AA0034397C /* MockMovieWatchList.swift in Sources */,
				EDD9693526D6FB410034397C /* DisplayableMovie.swift in Sources */,
				EDD7911A267EA25900757148 /* DateView.swift in Sources */,
				EDBB7101267969B80082146B /* HomeModel.swift in Sources */,
				ED429ED8267EAF5A003DC086 /* StreamingPlatforms.swift in Sources */,
				EDD9691F26D6EB0F0034397C /* MovieCardList.swift in Sources */,
				ED234D9C26816F85004284FA /* MovieSearchViewModel.swift in Sources */,
				EDB0B24126D83B7A008031C2 /* StylizedButton.swift in Sources */,
				EDD9691126D5519B0034397C /* MockMovieInformationResult.swift in Sources */,
				EDD9693C26D7188F0034397C /* MovieDetailSheet.swift in Sources */,
				ED234D90268162C3004284FA /* MovieDatabaseAPI.swift in Sources */,
				EDB0B23D26D838EF008031C2 /* UIColor+Branding.swift in Sources */,
				EDD9690F26D551750034397C /* MockMovieDatabaseAPI.swift in Sources */,
				ED32D3E326795BEB00E0D52C /* MainTabView.swift in Sources */,
				EDD79115267EA0FB00757148 /* DateCategoryView.swift in Sources */,
				EDD9690C26D461F80034397C /* MovieDatabaseSearchResult.swift in Sources */,
				EDD968F626D450220034397C /* LocalMovieWatchList.swift in Sources */,
				EDD79123267EA2A600757148 /* DateViewModel.swift in Sources */,
				EDD790F9267E2C9000757148 /* CounterCardView.swift in Sources */,
				ED7860A1267531F8003B1C67 /* RemoteImageView.swift in Sources */,
				ED234DA2268171C0004284FA /* MovieSearchView.swift in Sources */,
				ED234DA72681731C004284FA /* SearchBar.swift in Sources */,
				EDD9690626D45E120034397C /* MovieSearchResult.swift in Sources */,
				EDD79103267E319800757148 /* ScrollingHStackModifier.swift in Sources */,
				EDD9691726D5A4AC0034397C /* Loadable.swift in Sources */,
				EDD9690826D45E170034397C /* MovieInformationResult.swift in Sources */,
				EDD9692F26D6F56C0034397C /* GenreList.swift in Sources */,
				ED32D402267961BA00E0D52C /* CounterViewModel.swift in Sources */,
				ED429ED3267EAAC8003DC086 /* ImageLoader.swift in Sources */,
				ED78606B2674F9FA003B1C67 /* DateCardView.swift in Sources */,
				ED32D3EC26795EFE00E0D52C /* CounterView.swift in Sources */,
				EDD9693326D6FA920034397C /* MovieListViewModel.swift in Sources */,
				EDD790FE267E2CCE00757148 /* CounterCardCollectionView.swift in Sources */,
			);
			runOnlyForDeploymentPostprocessing = 0;
		};
		ED7860462674F9E2003B1C67 /* Sources */ = {
			isa = PBXSourcesBuildPhase;
			buildActionMask = 2147483647;
			files = (
				ED78604F2674F9E2003B1C67 /* RickSwiftUITests.swift in Sources */,
			);
			runOnlyForDeploymentPostprocessing = 0;
		};
		ED7860512674F9E2003B1C67 /* Sources */ = {
			isa = PBXSourcesBuildPhase;
			buildActionMask = 2147483647;
			files = (
				ED78605A2674F9E2003B1C67 /* RickSwiftUIUITests.swift in Sources */,
			);
			runOnlyForDeploymentPostprocessing = 0;
		};
/* End PBXSourcesBuildPhase section */

/* Begin PBXTargetDependency section */
		ED78604C2674F9E2003B1C67 /* PBXTargetDependency */ = {
			isa = PBXTargetDependency;
			target = ED7860382674F9E1003B1C67 /* RickSwiftUI */;
			targetProxy = ED78604B2674F9E2003B1C67 /* PBXContainerItemProxy */;
		};
		ED7860572674F9E2003B1C67 /* PBXTargetDependency */ = {
			isa = PBXTargetDependency;
			target = ED7860382674F9E1003B1C67 /* RickSwiftUI */;
			targetProxy = ED7860562674F9E2003B1C67 /* PBXContainerItemProxy */;
		};
/* End PBXTargetDependency section */

/* Begin XCBuildConfiguration section */
		ED78605C2674F9E2003B1C67 /* Debug */ = {
			isa = XCBuildConfiguration;
			buildSettings = {
				ALWAYS_SEARCH_USER_PATHS = NO;
				CLANG_ANALYZER_NONNULL = YES;
				CLANG_ANALYZER_NUMBER_OBJECT_CONVERSION = YES_AGGRESSIVE;
				CLANG_CXX_LANGUAGE_STANDARD = "gnu++14";
				CLANG_CXX_LIBRARY = "libc++";
				CLANG_ENABLE_MODULES = YES;
				CLANG_ENABLE_OBJC_ARC = YES;
				CLANG_ENABLE_OBJC_WEAK = YES;
				CLANG_WARN_BLOCK_CAPTURE_AUTORELEASING = YES;
				CLANG_WARN_BOOL_CONVERSION = YES;
				CLANG_WARN_COMMA = YES;
				CLANG_WARN_CONSTANT_CONVERSION = YES;
				CLANG_WARN_DEPRECATED_OBJC_IMPLEMENTATIONS = YES;
				CLANG_WARN_DIRECT_OBJC_ISA_USAGE = YES_ERROR;
				CLANG_WARN_DOCUMENTATION_COMMENTS = YES;
				CLANG_WARN_EMPTY_BODY = YES;
				CLANG_WARN_ENUM_CONVERSION = YES;
				CLANG_WARN_INFINITE_RECURSION = YES;
				CLANG_WARN_INT_CONVERSION = YES;
				CLANG_WARN_NON_LITERAL_NULL_CONVERSION = YES;
				CLANG_WARN_OBJC_IMPLICIT_RETAIN_SELF = YES;
				CLANG_WARN_OBJC_LITERAL_CONVERSION = YES;
				CLANG_WARN_OBJC_ROOT_CLASS = YES_ERROR;
				CLANG_WARN_QUOTED_INCLUDE_IN_FRAMEWORK_HEADER = YES;
				CLANG_WARN_RANGE_LOOP_ANALYSIS = YES;
				CLANG_WARN_STRICT_PROTOTYPES = YES;
				CLANG_WARN_SUSPICIOUS_MOVE = YES;
				CLANG_WARN_UNGUARDED_AVAILABILITY = YES_AGGRESSIVE;
				CLANG_WARN_UNREACHABLE_CODE = YES;
				CLANG_WARN__DUPLICATE_METHOD_MATCH = YES;
				COPY_PHASE_STRIP = NO;
				DEBUG_INFORMATION_FORMAT = dwarf;
				ENABLE_STRICT_OBJC_MSGSEND = YES;
				ENABLE_TESTABILITY = YES;
				GCC_C_LANGUAGE_STANDARD = gnu11;
				GCC_DYNAMIC_NO_PIC = NO;
				GCC_NO_COMMON_BLOCKS = YES;
				GCC_OPTIMIZATION_LEVEL = 0;
				GCC_PREPROCESSOR_DEFINITIONS = (
					"DEBUG=1",
					"$(inherited)",
				);
				GCC_WARN_64_TO_32_BIT_CONVERSION = YES;
				GCC_WARN_ABOUT_RETURN_TYPE = YES_ERROR;
				GCC_WARN_UNDECLARED_SELECTOR = YES;
				GCC_WARN_UNINITIALIZED_AUTOS = YES_AGGRESSIVE;
				GCC_WARN_UNUSED_FUNCTION = YES;
				GCC_WARN_UNUSED_VARIABLE = YES;
				IPHONEOS_DEPLOYMENT_TARGET = 14.3;
				MTL_ENABLE_DEBUG_INFO = INCLUDE_SOURCE;
				MTL_FAST_MATH = YES;
				ONLY_ACTIVE_ARCH = YES;
				SDKROOT = iphoneos;
				SWIFT_ACTIVE_COMPILATION_CONDITIONS = DEBUG;
				SWIFT_OPTIMIZATION_LEVEL = "-Onone";
			};
			name = Debug;
		};
		ED78605D2674F9E2003B1C67 /* Release */ = {
			isa = XCBuildConfiguration;
			buildSettings = {
				ALWAYS_SEARCH_USER_PATHS = NO;
				CLANG_ANALYZER_NONNULL = YES;
				CLANG_ANALYZER_NUMBER_OBJECT_CONVERSION = YES_AGGRESSIVE;
				CLANG_CXX_LANGUAGE_STANDARD = "gnu++14";
				CLANG_CXX_LIBRARY = "libc++";
				CLANG_ENABLE_MODULES = YES;
				CLANG_ENABLE_OBJC_ARC = YES;
				CLANG_ENABLE_OBJC_WEAK = YES;
				CLANG_WARN_BLOCK_CAPTURE_AUTORELEASING = YES;
				CLANG_WARN_BOOL_CONVERSION = YES;
				CLANG_WARN_COMMA = YES;
				CLANG_WARN_CONSTANT_CONVERSION = YES;
				CLANG_WARN_DEPRECATED_OBJC_IMPLEMENTATIONS = YES;
				CLANG_WARN_DIRECT_OBJC_ISA_USAGE = YES_ERROR;
				CLANG_WARN_DOCUMENTATION_COMMENTS = YES;
				CLANG_WARN_EMPTY_BODY = YES;
				CLANG_WARN_ENUM_CONVERSION = YES;
				CLANG_WARN_INFINITE_RECURSION = YES;
				CLANG_WARN_INT_CONVERSION = YES;
				CLANG_WARN_NON_LITERAL_NULL_CONVERSION = YES;
				CLANG_WARN_OBJC_IMPLICIT_RETAIN_SELF = YES;
				CLANG_WARN_OBJC_LITERAL_CONVERSION = YES;
				CLANG_WARN_OBJC_ROOT_CLASS = YES_ERROR;
				CLANG_WARN_QUOTED_INCLUDE_IN_FRAMEWORK_HEADER = YES;
				CLANG_WARN_RANGE_LOOP_ANALYSIS = YES;
				CLANG_WARN_STRICT_PROTOTYPES = YES;
				CLANG_WARN_SUSPICIOUS_MOVE = YES;
				CLANG_WARN_UNGUARDED_AVAILABILITY = YES_AGGRESSIVE;
				CLANG_WARN_UNREACHABLE_CODE = YES;
				CLANG_WARN__DUPLICATE_METHOD_MATCH = YES;
				COPY_PHASE_STRIP = NO;
				DEBUG_INFORMATION_FORMAT = "dwarf-with-dsym";
				ENABLE_NS_ASSERTIONS = NO;
				ENABLE_STRICT_OBJC_MSGSEND = YES;
				GCC_C_LANGUAGE_STANDARD = gnu11;
				GCC_NO_COMMON_BLOCKS = YES;
				GCC_WARN_64_TO_32_BIT_CONVERSION = YES;
				GCC_WARN_ABOUT_RETURN_TYPE = YES_ERROR;
				GCC_WARN_UNDECLARED_SELECTOR = YES;
				GCC_WARN_UNINITIALIZED_AUTOS = YES_AGGRESSIVE;
				GCC_WARN_UNUSED_FUNCTION = YES;
				GCC_WARN_UNUSED_VARIABLE = YES;
				IPHONEOS_DEPLOYMENT_TARGET = 14.3;
				MTL_ENABLE_DEBUG_INFO = NO;
				MTL_FAST_MATH = YES;
				SDKROOT = iphoneos;
				SWIFT_COMPILATION_MODE = wholemodule;
				SWIFT_OPTIMIZATION_LEVEL = "-O";
				VALIDATE_PRODUCT = YES;
			};
			name = Release;
		};
		ED78605F2674F9E2003B1C67 /* Debug */ = {
			isa = XCBuildConfiguration;
			buildSettings = {
				ASSETCATALOG_COMPILER_APPICON_NAME = AppIcon;
				ASSETCATALOG_COMPILER_GLOBAL_ACCENT_COLOR_NAME = AccentColor;
				CODE_SIGN_STYLE = Automatic;
				DEVELOPMENT_ASSET_PATHS = "\"RickSwiftUI/Preview Content\"";
				DEVELOPMENT_TEAM = Z79WKDVVL3;
				ENABLE_PREVIEWS = YES;
				INFOPLIST_FILE = RickSwiftUI/Info.plist;
				IPHONEOS_DEPLOYMENT_TARGET = 14.0;
				LD_RUNPATH_SEARCH_PATHS = (
					"$(inherited)",
					"@executable_path/Frameworks",
				);
				PRODUCT_BUNDLE_IDENTIFIER = com.nkaffine.rickswiftui.1;
				PRODUCT_NAME = "$(TARGET_NAME)";
				SWIFT_VERSION = 5.0;
				TARGETED_DEVICE_FAMILY = "1,2";
			};
			name = Debug;
		};
		ED7860602674F9E2003B1C67 /* Release */ = {
			isa = XCBuildConfiguration;
			buildSettings = {
				ASSETCATALOG_COMPILER_APPICON_NAME = AppIcon;
				ASSETCATALOG_COMPILER_GLOBAL_ACCENT_COLOR_NAME = AccentColor;
				CODE_SIGN_STYLE = Automatic;
				DEVELOPMENT_ASSET_PATHS = "\"RickSwiftUI/Preview Content\"";
				DEVELOPMENT_TEAM = Z79WKDVVL3;
				ENABLE_PREVIEWS = YES;
				INFOPLIST_FILE = RickSwiftUI/Info.plist;
				IPHONEOS_DEPLOYMENT_TARGET = 14.0;
				LD_RUNPATH_SEARCH_PATHS = (
					"$(inherited)",
					"@executable_path/Frameworks",
				);
				PRODUCT_BUNDLE_IDENTIFIER = com.nkaffine.rickswiftui.1;
				PRODUCT_NAME = "$(TARGET_NAME)";
				SWIFT_VERSION = 5.0;
				TARGETED_DEVICE_FAMILY = "1,2";
			};
			name = Release;
		};
		ED7860622674F9E2003B1C67 /* Debug */ = {
			isa = XCBuildConfiguration;
			buildSettings = {
				ALWAYS_EMBED_SWIFT_STANDARD_LIBRARIES = YES;
				BUNDLE_LOADER = "$(TEST_HOST)";
				CODE_SIGN_STYLE = Automatic;
				DEVELOPMENT_TEAM = X24H2MA8E2;
				INFOPLIST_FILE = RickSwiftUITests/Info.plist;
				IPHONEOS_DEPLOYMENT_TARGET = 14.0;
				LD_RUNPATH_SEARCH_PATHS = (
					"$(inherited)",
					"@executable_path/Frameworks",
					"@loader_path/Frameworks",
				);
				PRODUCT_BUNDLE_IDENTIFIER = com.nkaffine.RickSwiftUITests;
				PRODUCT_NAME = "$(TARGET_NAME)";
				SWIFT_VERSION = 5.0;
				TARGETED_DEVICE_FAMILY = "1,2";
				TEST_HOST = "$(BUILT_PRODUCTS_DIR)/RickSwiftUI.app/RickSwiftUI";
			};
			name = Debug;
		};
		ED7860632674F9E2003B1C67 /* Release */ = {
			isa = XCBuildConfiguration;
			buildSettings = {
				ALWAYS_EMBED_SWIFT_STANDARD_LIBRARIES = YES;
				BUNDLE_LOADER = "$(TEST_HOST)";
				CODE_SIGN_STYLE = Automatic;
				DEVELOPMENT_TEAM = X24H2MA8E2;
				INFOPLIST_FILE = RickSwiftUITests/Info.plist;
				IPHONEOS_DEPLOYMENT_TARGET = 14.0;
				LD_RUNPATH_SEARCH_PATHS = (
					"$(inherited)",
					"@executable_path/Frameworks",
					"@loader_path/Frameworks",
				);
				PRODUCT_BUNDLE_IDENTIFIER = com.nkaffine.RickSwiftUITests;
				PRODUCT_NAME = "$(TARGET_NAME)";
				SWIFT_VERSION = 5.0;
				TARGETED_DEVICE_FAMILY = "1,2";
				TEST_HOST = "$(BUILT_PRODUCTS_DIR)/RickSwiftUI.app/RickSwiftUI";
			};
			name = Release;
		};
		ED7860652674F9E2003B1C67 /* Debug */ = {
			isa = XCBuildConfiguration;
			buildSettings = {
				ALWAYS_EMBED_SWIFT_STANDARD_LIBRARIES = YES;
				CODE_SIGN_STYLE = Automatic;
				DEVELOPMENT_TEAM = X24H2MA8E2;
				INFOPLIST_FILE = RickSwiftUIUITests/Info.plist;
				LD_RUNPATH_SEARCH_PATHS = (
					"$(inherited)",
					"@executable_path/Frameworks",
					"@loader_path/Frameworks",
				);
				PRODUCT_BUNDLE_IDENTIFIER = com.nkaffine.RickSwiftUIUITests;
				PRODUCT_NAME = "$(TARGET_NAME)";
				SWIFT_VERSION = 5.0;
				TARGETED_DEVICE_FAMILY = "1,2";
				TEST_TARGET_NAME = RickSwiftUI;
			};
			name = Debug;
		};
		ED7860662674F9E2003B1C67 /* Release */ = {
			isa = XCBuildConfiguration;
			buildSettings = {
				ALWAYS_EMBED_SWIFT_STANDARD_LIBRARIES = YES;
				CODE_SIGN_STYLE = Automatic;
				DEVELOPMENT_TEAM = X24H2MA8E2;
				INFOPLIST_FILE = RickSwiftUIUITests/Info.plist;
				LD_RUNPATH_SEARCH_PATHS = (
					"$(inherited)",
					"@executable_path/Frameworks",
					"@loader_path/Frameworks",
				);
				PRODUCT_BUNDLE_IDENTIFIER = com.nkaffine.RickSwiftUIUITests;
				PRODUCT_NAME = "$(TARGET_NAME)";
				SWIFT_VERSION = 5.0;
				TARGETED_DEVICE_FAMILY = "1,2";
				TEST_TARGET_NAME = RickSwiftUI;
			};
			name = Release;
		};
/* End XCBuildConfiguration section */

/* Begin XCConfigurationList section */
		ED7860342674F9E1003B1C67 /* Build configuration list for PBXProject "RickSwiftUI" */ = {
			isa = XCConfigurationList;
			buildConfigurations = (
				ED78605C2674F9E2003B1C67 /* Debug */,
				ED78605D2674F9E2003B1C67 /* Release */,
			);
			defaultConfigurationIsVisible = 0;
			defaultConfigurationName = Release;
		};
		ED78605E2674F9E2003B1C67 /* Build configuration list for PBXNativeTarget "RickSwiftUI" */ = {
			isa = XCConfigurationList;
			buildConfigurations = (
				ED78605F2674F9E2003B1C67 /* Debug */,
				ED7860602674F9E2003B1C67 /* Release */,
			);
			defaultConfigurationIsVisible = 0;
			defaultConfigurationName = Release;
		};
		ED7860612674F9E2003B1C67 /* Build configuration list for PBXNativeTarget "RickSwiftUITests" */ = {
			isa = XCConfigurationList;
			buildConfigurations = (
				ED7860622674F9E2003B1C67 /* Debug */,
				ED7860632674F9E2003B1C67 /* Release */,
			);
			defaultConfigurationIsVisible = 0;
			defaultConfigurationName = Release;
		};
		ED7860642674F9E2003B1C67 /* Build configuration list for PBXNativeTarget "RickSwiftUIUITests" */ = {
			isa = XCConfigurationList;
			buildConfigurations = (
				ED7860652674F9E2003B1C67 /* Debug */,
				ED7860662674F9E2003B1C67 /* Release */,
			);
			defaultConfigurationIsVisible = 0;
			defaultConfigurationName = Release;
		};
/* End XCConfigurationList section */
	};
	rootObject = ED7860312674F9E1003B1C67 /* Project object */;
}
