// !$*UTF8*$!
{
	archiveVersion = 1;
	classes = {
	};
	objectVersion = 50;
	objects = {

/* Begin PBXBuildFile section */
		ED234D8B26815C42004284FA /* NetworkAPI.swift in Sources */ = {isa = PBXBuildFile; fileRef = ED234D8A26815C42004284FA /* NetworkAPI.swift */; };
		ED234D90268162C3004284FA /* MovieDatabaseAPI.swift in Sources */ = {isa = PBXBuildFile; fileRef = ED234D8F268162C3004284FA /* MovieDatabaseAPI.swift */; };
		ED234D9C26816F85004284FA /* MovieSearchViewModel.swift in Sources */ = {isa = PBXBuildFile; fileRef = ED234D9B26816F85004284FA /* MovieSearchViewModel.swift */; };
		ED234DA2268171C0004284FA /* MovieSearchView.swift in Sources */ = {isa = PBXBuildFile; fileRef = ED234DA1268171C0004284FA /* MovieSearchView.swift */; };
		ED234DA72681731C004284FA /* SearchBar.swift in Sources */ = {isa = PBXBuildFile; fileRef = ED234DA62681731C004284FA /* SearchBar.swift */; };
		ED32D3EC26795EFE00E0D52C /* CounterView.swift in Sources */ = {isa = PBXBuildFile; fileRef = ED32D3EB26795EFE00E0D52C /* CounterView.swift */; };
		ED32D402267961BA00E0D52C /* CounterViewModel.swift in Sources */ = {isa = PBXBuildFile; fileRef = ED32D401267961BA00E0D52C /* CounterViewModel.swift */; };
		ED429ED3267EAAC8003DC086 /* ImageLoader.swift in Sources */ = {isa = PBXBuildFile; fileRef = ED429ED2267EAAC8003DC086 /* ImageLoader.swift */; };
		ED429ED8267EAF5A003DC086 /* StreamingPlatforms.swift in Sources */ = {isa = PBXBuildFile; fileRef = ED429ED7267EAF5A003DC086 /* StreamingPlatforms.swift */; };
		ED590AAF26F16E6900711CAF /* WatchList.swift in Sources */ = {isa = PBXBuildFile; fileRef = ED590AAE26F16E6900711CAF /* WatchList.swift */; };
		ED590AB226F1707400711CAF /* Movie.swift in Sources */ = {isa = PBXBuildFile; fileRef = ED590AB126F1707400711CAF /* Movie.swift */; };
		ED590AB526F1713F00711CAF /* MovieInformationFetcher.swift in Sources */ = {isa = PBXBuildFile; fileRef = ED590AB426F1713F00711CAF /* MovieInformationFetcher.swift */; };
		ED590AB726F1748200711CAF /* MovieInformationFetcherProtocol.swift in Sources */ = {isa = PBXBuildFile; fileRef = ED590AB626F1748200711CAF /* MovieInformationFetcherProtocol.swift */; };
		ED590AB926F17C7E00711CAF /* MockMovieInformationFetcher.swift in Sources */ = {isa = PBXBuildFile; fileRef = ED590AB826F17C7E00711CAF /* MockMovieInformationFetcher.swift */; };
		ED590ABB26FFA39100711CAF /* MovieWatchListView.swift in Sources */ = {isa = PBXBuildFile; fileRef = ED590ABA26FFA39100711CAF /* MovieWatchListView.swift */; };
		ED590ABD26FFA41700711CAF /* MovieWatchListViewModel.swift in Sources */ = {isa = PBXBuildFile; fileRef = ED590ABC26FFA41700711CAF /* MovieWatchListViewModel.swift */; };
		ED590ABF26FFA5ED00711CAF /* RemoteLoadable.swift in Sources */ = {isa = PBXBuildFile; fileRef = ED590ABE26FFA5ED00711CAF /* RemoteLoadable.swift */; };
		ED590AC426FFA78D00711CAF /* MovieWatchListLoadingView.swift in Sources */ = {isa = PBXBuildFile; fileRef = ED590AC326FFA78D00711CAF /* MovieWatchListLoadingView.swift */; };
		ED590AC626FFA7C900711CAF /* MoviewWatchListNetworkErrorView.swift in Sources */ = {isa = PBXBuildFile; fileRef = ED590AC526FFA7C900711CAF /* MoviewWatchListNetworkErrorView.swift */; };
		ED590AC826FFA81E00711CAF /* MovieWatchListServerErrorView.swift in Sources */ = {isa = PBXBuildFile; fileRef = ED590AC726FFA81E00711CAF /* MovieWatchListServerErrorView.swift */; };
		ED590ACA26FFA84C00711CAF /* MovieListView.swift in Sources */ = {isa = PBXBuildFile; fileRef = ED590AC926FFA84C00711CAF /* MovieListView.swift */; };
		ED590ACC26FFA9D600711CAF /* MovieWatchListBodyView.swift in Sources */ = {isa = PBXBuildFile; fileRef = ED590ACB26FFA9D600711CAF /* MovieWatchListBodyView.swift */; };
		ED78603D2674F9E1003B1C67 /* RickSwiftUIApp.swift in Sources */ = {isa = PBXBuildFile; fileRef = ED78603C2674F9E1003B1C67 /* RickSwiftUIApp.swift */; };
		ED7860412674F9E2003B1C67 /* Assets.xcassets in Resources */ = {isa = PBXBuildFile; fileRef = ED7860402674F9E2003B1C67 /* Assets.xcassets */; };
		ED7860442674F9E2003B1C67 /* Preview Assets.xcassets in Resources */ = {isa = PBXBuildFile; fileRef = ED7860432674F9E2003B1C67 /* Preview Assets.xcassets */; };
		ED78604F2674F9E2003B1C67 /* RuntimeParserTests.swift in Sources */ = {isa = PBXBuildFile; fileRef = ED78604E2674F9E2003B1C67 /* RuntimeParserTests.swift */; };
		ED78605A2674F9E2003B1C67 /* RickSwiftUIUITests.swift in Sources */ = {isa = PBXBuildFile; fileRef = ED7860592674F9E2003B1C67 /* RickSwiftUIUITests.swift */; };
		ED78606B2674F9FA003B1C67 /* DateCardView.swift in Sources */ = {isa = PBXBuildFile; fileRef = ED78606A2674F9FA003B1C67 /* DateCardView.swift */; };
		ED7860A1267531F8003B1C67 /* RemoteImageView.swift in Sources */ = {isa = PBXBuildFile; fileRef = ED7860A0267531F8003B1C67 /* RemoteImageView.swift */; };
		EDB0B23D26D838EF008031C2 /* UIColor+Branding.swift in Sources */ = {isa = PBXBuildFile; fileRef = EDB0B23C26D838EF008031C2 /* UIColor+Branding.swift */; };
		EDB0B24126D83B7A008031C2 /* StylizedButton.swift in Sources */ = {isa = PBXBuildFile; fileRef = EDB0B24026D83B7A008031C2 /* StylizedButton.swift */; };
		EDB0B24526D84BBF008031C2 /* DisplayableMovie.swift in Sources */ = {isa = PBXBuildFile; fileRef = EDB0B24426D84BBE008031C2 /* DisplayableMovie.swift */; };
		EDB0B24926D86D81008031C2 /* AddMovieView.swift in Sources */ = {isa = PBXBuildFile; fileRef = EDB0B24826D86D81008031C2 /* AddMovieView.swift */; };
		EDB0B24C26D86EAD008031C2 /* AddMovieSearcher.swift in Sources */ = {isa = PBXBuildFile; fileRef = EDB0B24B26D86EAD008031C2 /* AddMovieSearcher.swift */; };
		EDB0B24E26D90AA2008031C2 /* MovieCard.swift in Sources */ = {isa = PBXBuildFile; fileRef = EDB0B24D26D90AA2008031C2 /* MovieCard.swift */; };
		EDB0B25126D90BE0008031C2 /* PosterImage.swift in Sources */ = {isa = PBXBuildFile; fileRef = EDB0B25026D90BE0008031C2 /* PosterImage.swift */; };
		EDB0B25326D90C0F008031C2 /* MovieCardDetails.swift in Sources */ = {isa = PBXBuildFile; fileRef = EDB0B25226D90C0F008031C2 /* MovieCardDetails.swift */; };
		EDB52CF526D96D21002D6097 /* AddMovieCard.swift in Sources */ = {isa = PBXBuildFile; fileRef = EDB52CF426D96D21002D6097 /* AddMovieCard.swift */; };
		EDB52CF726D96DC8002D6097 /* AddMovieDetailsView.swift in Sources */ = {isa = PBXBuildFile; fileRef = EDB52CF626D96DC8002D6097 /* AddMovieDetailsView.swift */; };
		EDB52CF926D96E09002D6097 /* AddMovieDetailsViewModel.swift in Sources */ = {isa = PBXBuildFile; fileRef = EDB52CF826D96E09002D6097 /* AddMovieDetailsViewModel.swift */; };
		EDB52CFC26D9717F002D6097 /* MovieListDetailSheet.swift in Sources */ = {isa = PBXBuildFile; fileRef = EDB52CFB26D9717F002D6097 /* MovieListDetailSheet.swift */; };
		EDB52CFE26D985F4002D6097 /* MovieDatabaseInformationResult.swift in Sources */ = {isa = PBXBuildFile; fileRef = EDB52CFD26D985F4002D6097 /* MovieDatabaseInformationResult.swift */; };
		EDB52D0026D988C5002D6097 /* MovieDatabaseSearchAPI.swift in Sources */ = {isa = PBXBuildFile; fileRef = EDB52CFF26D988C5002D6097 /* MovieDatabaseSearchAPI.swift */; };
		EDB52D0226D98970002D6097 /* MovieDatabaseInformationAPI.swift in Sources */ = {isa = PBXBuildFile; fileRef = EDB52D0126D98970002D6097 /* MovieDatabaseInformationAPI.swift */; };
		EDBB7101267969B80082146B /* HomeModel.swift in Sources */ = {isa = PBXBuildFile; fileRef = EDBB7100267969B80082146B /* HomeModel.swift */; };
		EDBFA97126E6946600E16084 /* RuntimeParser.swift in Sources */ = {isa = PBXBuildFile; fileRef = EDBFA97026E6946600E16084 /* RuntimeParser.swift */; };
		EDBFA97326E696A400E16084 /* GenreParser.swift in Sources */ = {isa = PBXBuildFile; fileRef = EDBFA97226E696A400E16084 /* GenreParser.swift */; };
		EDBFA97626E6992F00E16084 /* StringHelpers.swift in Sources */ = {isa = PBXBuildFile; fileRef = EDBFA97526E6992F00E16084 /* StringHelpers.swift */; };
		EDBFA97826E69B6400E16084 /* StringExtensionTests.swift in Sources */ = {isa = PBXBuildFile; fileRef = EDBFA97726E69B6400E16084 /* StringExtensionTests.swift */; };
		EDBFA97C26E6A4D500E16084 /* WatchListProtocol.swift in Sources */ = {isa = PBXBuildFile; fileRef = EDBFA97B26E6A4D500E16084 /* WatchListProtocol.swift */; };
		EDC485E326FFB08500DAE316 /* MovieGenreList.swift in Sources */ = {isa = PBXBuildFile; fileRef = EDC485E226FFB08500DAE316 /* MovieGenreList.swift */; };
		EDC485E726FFB4BE00DAE316 /* MovieListViewModel.swift in Sources */ = {isa = PBXBuildFile; fileRef = EDC485E626FFB4BE00DAE316 /* MovieListViewModel.swift */; };
		EDC485E926FFC1F500DAE316 /* ModifiableMovieCard.swift in Sources */ = {isa = PBXBuildFile; fileRef = EDC485E826FFC1F500DAE316 /* ModifiableMovieCard.swift */; };
		EDC485EE26FFC83600DAE316 /* MovieDetailsViewModel.swift in Sources */ = {isa = PBXBuildFile; fileRef = EDC485ED26FFC83500DAE316 /* MovieDetailsViewModel.swift */; };
		EDD790F9267E2C9000757148 /* CounterCardView.swift in Sources */ = {isa = PBXBuildFile; fileRef = EDD790F8267E2C9000757148 /* CounterCardView.swift */; };
		EDD790FE267E2CCE00757148 /* CounterCardCollectionView.swift in Sources */ = {isa = PBXBuildFile; fileRef = EDD790FD267E2CCE00757148 /* CounterCardCollectionView.swift */; };
		EDD79103267E319800757148 /* ScrollingHStackModifier.swift in Sources */ = {isa = PBXBuildFile; fileRef = EDD79102267E319800757148 /* ScrollingHStackModifier.swift */; };
		EDD79110267E9D8C00757148 /* AddButtonView.swift in Sources */ = {isa = PBXBuildFile; fileRef = EDD7910F267E9D8C00757148 /* AddButtonView.swift */; };
		EDD79115267EA0FB00757148 /* DateCategoryView.swift in Sources */ = {isa = PBXBuildFile; fileRef = EDD79114267EA0FB00757148 /* DateCategoryView.swift */; };
		EDD7911A267EA25900757148 /* DateView.swift in Sources */ = {isa = PBXBuildFile; fileRef = EDD79119267EA25900757148 /* DateView.swift */; };
		EDD79123267EA2A600757148 /* DateViewModel.swift in Sources */ = {isa = PBXBuildFile; fileRef = EDD79122267EA2A600757148 /* DateViewModel.swift */; };
		EDD79128267EA2BB00757148 /* DateModel.swift in Sources */ = {isa = PBXBuildFile; fileRef = EDD79127267EA2BB00757148 /* DateModel.swift */; };
		EDD968F626D450220034397C /* MovieWatchList.swift in Sources */ = {isa = PBXBuildFile; fileRef = EDD968F526D450220034397C /* MovieWatchList.swift */; };
		EDD968F826D450370034397C /* MovieWatchListProtocol.swift in Sources */ = {isa = PBXBuildFile; fileRef = EDD968F726D450370034397C /* MovieWatchListProtocol.swift */; };
		EDD9690126D45C500034397C /* MovieDatabaseProtocol.swift in Sources */ = {isa = PBXBuildFile; fileRef = EDD9690026D45C500034397C /* MovieDatabaseProtocol.swift */; };
		EDD9690626D45E120034397C /* MovieSearchResult.swift in Sources */ = {isa = PBXBuildFile; fileRef = EDD9690526D45E120034397C /* MovieSearchResult.swift */; };
		EDD9690826D45E170034397C /* MovieInformationResult.swift in Sources */ = {isa = PBXBuildFile; fileRef = EDD9690726D45E170034397C /* MovieInformationResult.swift */; };
		EDD9690A26D45F8C0034397C /* MovieDatabase.swift in Sources */ = {isa = PBXBuildFile; fileRef = EDD9690926D45F8C0034397C /* MovieDatabase.swift */; };
		EDD9690C26D461F80034397C /* MovieDatabaseSearchResult.swift in Sources */ = {isa = PBXBuildFile; fileRef = EDD9690B26D461F80034397C /* MovieDatabaseSearchResult.swift */; };
		EDD9690F26D551750034397C /* MockMovieDatabase.swift in Sources */ = {isa = PBXBuildFile; fileRef = EDD9690E26D551750034397C /* MockMovieDatabase.swift */; };
		EDD9691126D5519B0034397C /* MockMovieInformationResult.swift in Sources */ = {isa = PBXBuildFile; fileRef = EDD9691026D5519B0034397C /* MockMovieInformationResult.swift */; };
		EDD9691326D551B90034397C /* MockMovieSearchResult.swift in Sources */ = {isa = PBXBuildFile; fileRef = EDD9691226D551B90034397C /* MockMovieSearchResult.swift */; };
		EDD9691526D597FC0034397C /* BatchMovieFetcher.swift in Sources */ = {isa = PBXBuildFile; fileRef = EDD9691426D597FC0034397C /* BatchMovieFetcher.swift */; };
		EDD9691726D5A4AC0034397C /* Loadable.swift in Sources */ = {isa = PBXBuildFile; fileRef = EDD9691626D5A4AC0034397C /* Loadable.swift */; };
		EDD9691B26D6E7AA0034397C /* MockMovieWatchList.swift in Sources */ = {isa = PBXBuildFile; fileRef = EDD9691A26D6E7A90034397C /* MockMovieWatchList.swift */; };
		EDD9691F26D6EB0F0034397C /* MovieCardList.swift in Sources */ = {isa = PBXBuildFile; fileRef = EDD9691E26D6EB0F0034397C /* MovieCardList.swift */; };
		EDD9692926D6F2CB0034397C /* MockMovies.swift in Sources */ = {isa = PBXBuildFile; fileRef = EDD9692826D6F2CB0034397C /* MockMovies.swift */; };
		EDD9692D26D6F4530034397C /* GenreItem.swift in Sources */ = {isa = PBXBuildFile; fileRef = EDD9692C26D6F4530034397C /* GenreItem.swift */; };
		EDD9692F26D6F56C0034397C /* GenreList.swift in Sources */ = {isa = PBXBuildFile; fileRef = EDD9692E26D6F56C0034397C /* GenreList.swift */; };
		EDD9693126D6F93F0034397C /* AddMovieButton.swift in Sources */ = {isa = PBXBuildFile; fileRef = EDD9693026D6F93F0034397C /* AddMovieButton.swift */; };
		EDD9693526D6FB410034397C /* DisplayableMovieProtocol.swift in Sources */ = {isa = PBXBuildFile; fileRef = EDD9693426D6FB410034397C /* DisplayableMovieProtocol.swift */; };
		EDD9693C26D7188F0034397C /* MovieDetailSheet.swift in Sources */ = {isa = PBXBuildFile; fileRef = EDD9693B26D7188F0034397C /* MovieDetailSheet.swift */; };
		EDEF7E4A26D8344C00568ED6 /* MovieDetailsView.swift in Sources */ = {isa = PBXBuildFile; fileRef = EDEF7E4926D8344C00568ED6 /* MovieDetailsView.swift */; };
		EDFFC97D26D835C300C48912 /* RoundedButtonModifier.swift in Sources */ = {isa = PBXBuildFile; fileRef = EDFFC97C26D835C300C48912 /* RoundedButtonModifier.swift */; };
/* End PBXBuildFile section */

/* Begin PBXContainerItemProxy section */
		ED78604B2674F9E2003B1C67 /* PBXContainerItemProxy */ = {
			isa = PBXContainerItemProxy;
			containerPortal = ED7860312674F9E1003B1C67 /* Project object */;
			proxyType = 1;
			remoteGlobalIDString = ED7860382674F9E1003B1C67;
			remoteInfo = RickSwiftUI;
		};
		ED7860562674F9E2003B1C67 /* PBXContainerItemProxy */ = {
			isa = PBXContainerItemProxy;
			containerPortal = ED7860312674F9E1003B1C67 /* Project object */;
			proxyType = 1;
			remoteGlobalIDString = ED7860382674F9E1003B1C67;
			remoteInfo = RickSwiftUI;
		};
/* End PBXContainerItemProxy section */

/* Begin PBXFileReference section */
		ED234D8A26815C42004284FA /* NetworkAPI.swift */ = {isa = PBXFileReference; lastKnownFileType = sourcecode.swift; path = NetworkAPI.swift; sourceTree = "<group>"; };
		ED234D8F268162C3004284FA /* MovieDatabaseAPI.swift */ = {isa = PBXFileReference; lastKnownFileType = sourcecode.swift; path = MovieDatabaseAPI.swift; sourceTree = "<group>"; };
		ED234D9B26816F85004284FA /* MovieSearchViewModel.swift */ = {isa = PBXFileReference; lastKnownFileType = sourcecode.swift; path = MovieSearchViewModel.swift; sourceTree = "<group>"; };
		ED234DA1268171C0004284FA /* MovieSearchView.swift */ = {isa = PBXFileReference; lastKnownFileType = sourcecode.swift; path = MovieSearchView.swift; sourceTree = "<group>"; };
		ED234DA62681731C004284FA /* SearchBar.swift */ = {isa = PBXFileReference; lastKnownFileType = sourcecode.swift; path = SearchBar.swift; sourceTree = "<group>"; };
		ED32D3EB26795EFE00E0D52C /* CounterView.swift */ = {isa = PBXFileReference; lastKnownFileType = sourcecode.swift; path = CounterView.swift; sourceTree = "<group>"; };
		ED32D401267961BA00E0D52C /* CounterViewModel.swift */ = {isa = PBXFileReference; lastKnownFileType = sourcecode.swift; path = CounterViewModel.swift; sourceTree = "<group>"; };
		ED429ED2267EAAC8003DC086 /* ImageLoader.swift */ = {isa = PBXFileReference; lastKnownFileType = sourcecode.swift; path = ImageLoader.swift; sourceTree = "<group>"; };
		ED429ED7267EAF5A003DC086 /* StreamingPlatforms.swift */ = {isa = PBXFileReference; lastKnownFileType = sourcecode.swift; path = StreamingPlatforms.swift; sourceTree = "<group>"; };
		ED590AAE26F16E6900711CAF /* WatchList.swift */ = {isa = PBXFileReference; lastKnownFileType = sourcecode.swift; path = WatchList.swift; sourceTree = "<group>"; };
		ED590AB126F1707400711CAF /* Movie.swift */ = {isa = PBXFileReference; lastKnownFileType = sourcecode.swift; path = Movie.swift; sourceTree = "<group>"; };
		ED590AB426F1713F00711CAF /* MovieInformationFetcher.swift */ = {isa = PBXFileReference; lastKnownFileType = sourcecode.swift; path = MovieInformationFetcher.swift; sourceTree = "<group>"; };
		ED590AB626F1748200711CAF /* MovieInformationFetcherProtocol.swift */ = {isa = PBXFileReference; lastKnownFileType = sourcecode.swift; path = MovieInformationFetcherProtocol.swift; sourceTree = "<group>"; };
		ED590AB826F17C7E00711CAF /* MockMovieInformationFetcher.swift */ = {isa = PBXFileReference; lastKnownFileType = sourcecode.swift; path = MockMovieInformationFetcher.swift; sourceTree = "<group>"; };
		ED590ABA26FFA39100711CAF /* MovieWatchListView.swift */ = {isa = PBXFileReference; lastKnownFileType = sourcecode.swift; path = MovieWatchListView.swift; sourceTree = "<group>"; };
		ED590ABC26FFA41700711CAF /* MovieWatchListViewModel.swift */ = {isa = PBXFileReference; lastKnownFileType = sourcecode.swift; path = MovieWatchListViewModel.swift; sourceTree = "<group>"; };
		ED590ABE26FFA5ED00711CAF /* RemoteLoadable.swift */ = {isa = PBXFileReference; lastKnownFileType = sourcecode.swift; path = RemoteLoadable.swift; sourceTree = "<group>"; };
		ED590AC326FFA78D00711CAF /* MovieWatchListLoadingView.swift */ = {isa = PBXFileReference; lastKnownFileType = sourcecode.swift; path = MovieWatchListLoadingView.swift; sourceTree = "<group>"; };
		ED590AC526FFA7C900711CAF /* MoviewWatchListNetworkErrorView.swift */ = {isa = PBXFileReference; lastKnownFileType = sourcecode.swift; path = MoviewWatchListNetworkErrorView.swift; sourceTree = "<group>"; };
		ED590AC726FFA81E00711CAF /* MovieWatchListServerErrorView.swift */ = {isa = PBXFileReference; lastKnownFileType = sourcecode.swift; path = MovieWatchListServerErrorView.swift; sourceTree = "<group>"; };
		ED590AC926FFA84C00711CAF /* MovieListView.swift */ = {isa = PBXFileReference; lastKnownFileType = sourcecode.swift; path = MovieListView.swift; sourceTree = "<group>"; };
		ED590ACB26FFA9D600711CAF /* MovieWatchListBodyView.swift */ = {isa = PBXFileReference; lastKnownFileType = sourcecode.swift; path = MovieWatchListBodyView.swift; sourceTree = "<group>"; };
		ED7860392674F9E1003B1C67 /* RickSwiftUI.app */ = {isa = PBXFileReference; explicitFileType = wrapper.application; includeInIndex = 0; path = RickSwiftUI.app; sourceTree = BUILT_PRODUCTS_DIR; };
		ED78603C2674F9E1003B1C67 /* RickSwiftUIApp.swift */ = {isa = PBXFileReference; lastKnownFileType = sourcecode.swift; path = RickSwiftUIApp.swift; sourceTree = "<group>"; };
		ED7860402674F9E2003B1C67 /* Assets.xcassets */ = {isa = PBXFileReference; lastKnownFileType = folder.assetcatalog; path = Assets.xcassets; sourceTree = "<group>"; };
		ED7860432674F9E2003B1C67 /* Preview Assets.xcassets */ = {isa = PBXFileReference; lastKnownFileType = folder.assetcatalog; path = "Preview Assets.xcassets"; sourceTree = "<group>"; };
		ED7860452674F9E2003B1C67 /* Info.plist */ = {isa = PBXFileReference; lastKnownFileType = text.plist.xml; path = Info.plist; sourceTree = "<group>"; };
		ED78604A2674F9E2003B1C67 /* RickSwiftUITests.xctest */ = {isa = PBXFileReference; explicitFileType = wrapper.cfbundle; includeInIndex = 0; path = RickSwiftUITests.xctest; sourceTree = BUILT_PRODUCTS_DIR; };
		ED78604E2674F9E2003B1C67 /* RuntimeParserTests.swift */ = {isa = PBXFileReference; lastKnownFileType = sourcecode.swift; path = RuntimeParserTests.swift; sourceTree = "<group>"; };
		ED7860502674F9E2003B1C67 /* Info.plist */ = {isa = PBXFileReference; lastKnownFileType = text.plist.xml; path = Info.plist; sourceTree = "<group>"; };
		ED7860552674F9E2003B1C67 /* RickSwiftUIUITests.xctest */ = {isa = PBXFileReference; explicitFileType = wrapper.cfbundle; includeInIndex = 0; path = RickSwiftUIUITests.xctest; sourceTree = BUILT_PRODUCTS_DIR; };
		ED7860592674F9E2003B1C67 /* RickSwiftUIUITests.swift */ = {isa = PBXFileReference; lastKnownFileType = sourcecode.swift; path = RickSwiftUIUITests.swift; sourceTree = "<group>"; };
		ED78605B2674F9E2003B1C67 /* Info.plist */ = {isa = PBXFileReference; lastKnownFileType = text.plist.xml; path = Info.plist; sourceTree = "<group>"; };
		ED78606A2674F9FA003B1C67 /* DateCardView.swift */ = {isa = PBXFileReference; lastKnownFileType = sourcecode.swift; path = DateCardView.swift; sourceTree = "<group>"; };
		ED7860A0267531F8003B1C67 /* RemoteImageView.swift */ = {isa = PBXFileReference; lastKnownFileType = sourcecode.swift; path = RemoteImageView.swift; sourceTree = "<group>"; };
		EDB0B23C26D838EF008031C2 /* UIColor+Branding.swift */ = {isa = PBXFileReference; lastKnownFileType = sourcecode.swift; path = "UIColor+Branding.swift"; sourceTree = "<group>"; };
		EDB0B24026D83B7A008031C2 /* StylizedButton.swift */ = {isa = PBXFileReference; lastKnownFileType = sourcecode.swift; path = StylizedButton.swift; sourceTree = "<group>"; };
		EDB0B24426D84BBE008031C2 /* DisplayableMovie.swift */ = {isa = PBXFileReference; lastKnownFileType = sourcecode.swift; path = DisplayableMovie.swift; sourceTree = "<group>"; };
		EDB0B24826D86D81008031C2 /* AddMovieView.swift */ = {isa = PBXFileReference; lastKnownFileType = sourcecode.swift; path = AddMovieView.swift; sourceTree = "<group>"; };
		EDB0B24B26D86EAD008031C2 /* AddMovieSearcher.swift */ = {isa = PBXFileReference; lastKnownFileType = sourcecode.swift; path = AddMovieSearcher.swift; sourceTree = "<group>"; };
		EDB0B24D26D90AA2008031C2 /* MovieCard.swift */ = {isa = PBXFileReference; lastKnownFileType = sourcecode.swift; path = MovieCard.swift; sourceTree = "<group>"; };
		EDB0B25026D90BE0008031C2 /* PosterImage.swift */ = {isa = PBXFileReference; lastKnownFileType = sourcecode.swift; path = PosterImage.swift; sourceTree = "<group>"; };
		EDB0B25226D90C0F008031C2 /* MovieCardDetails.swift */ = {isa = PBXFileReference; lastKnownFileType = sourcecode.swift; path = MovieCardDetails.swift; sourceTree = "<group>"; };
		EDB52CF426D96D21002D6097 /* AddMovieCard.swift */ = {isa = PBXFileReference; lastKnownFileType = sourcecode.swift; path = AddMovieCard.swift; sourceTree = "<group>"; };
		EDB52CF626D96DC8002D6097 /* AddMovieDetailsView.swift */ = {isa = PBXFileReference; lastKnownFileType = sourcecode.swift; path = AddMovieDetailsView.swift; sourceTree = "<group>"; };
		EDB52CF826D96E09002D6097 /* AddMovieDetailsViewModel.swift */ = {isa = PBXFileReference; lastKnownFileType = sourcecode.swift; path = AddMovieDetailsViewModel.swift; sourceTree = "<group>"; };
		EDB52CFB26D9717F002D6097 /* MovieListDetailSheet.swift */ = {isa = PBXFileReference; lastKnownFileType = sourcecode.swift; path = MovieListDetailSheet.swift; sourceTree = "<group>"; };
		EDB52CFD26D985F4002D6097 /* MovieDatabaseInformationResult.swift */ = {isa = PBXFileReference; lastKnownFileType = sourcecode.swift; path = MovieDatabaseInformationResult.swift; sourceTree = "<group>"; };
		EDB52CFF26D988C5002D6097 /* MovieDatabaseSearchAPI.swift */ = {isa = PBXFileReference; lastKnownFileType = sourcecode.swift; path = MovieDatabaseSearchAPI.swift; sourceTree = "<group>"; };
		EDB52D0126D98970002D6097 /* MovieDatabaseInformationAPI.swift */ = {isa = PBXFileReference; lastKnownFileType = sourcecode.swift; path = MovieDatabaseInformationAPI.swift; sourceTree = "<group>"; };
		EDBB7100267969B80082146B /* HomeModel.swift */ = {isa = PBXFileReference; lastKnownFileType = sourcecode.swift; path = HomeModel.swift; sourceTree = "<group>"; };
		EDBFA97026E6946600E16084 /* RuntimeParser.swift */ = {isa = PBXFileReference; lastKnownFileType = sourcecode.swift; path = RuntimeParser.swift; sourceTree = "<group>"; };
		EDBFA97226E696A400E16084 /* GenreParser.swift */ = {isa = PBXFileReference; lastKnownFileType = sourcecode.swift; path = GenreParser.swift; sourceTree = "<group>"; };
		EDBFA97526E6992F00E16084 /* StringHelpers.swift */ = {isa = PBXFileReference; lastKnownFileType = sourcecode.swift; path = StringHelpers.swift; sourceTree = "<group>"; };
		EDBFA97726E69B6400E16084 /* StringExtensionTests.swift */ = {isa = PBXFileReference; lastKnownFileType = sourcecode.swift; path = StringExtensionTests.swift; sourceTree = "<group>"; };
		EDBFA97B26E6A4D500E16084 /* WatchListProtocol.swift */ = {isa = PBXFileReference; lastKnownFileType = sourcecode.swift; path = WatchListProtocol.swift; sourceTree = "<group>"; };
		EDC485E226FFB08500DAE316 /* MovieGenreList.swift */ = {isa = PBXFileReference; lastKnownFileType = sourcecode.swift; path = MovieGenreList.swift; sourceTree = "<group>"; };
		EDC485E626FFB4BE00DAE316 /* MovieListViewModel.swift */ = {isa = PBXFileReference; lastKnownFileType = sourcecode.swift; path = MovieListViewModel.swift; sourceTree = "<group>"; };
		EDC485E826FFC1F500DAE316 /* ModifiableMovieCard.swift */ = {isa = PBXFileReference; lastKnownFileType = sourcecode.swift; path = ModifiableMovieCard.swift; sourceTree = "<group>"; };
		EDC485ED26FFC83500DAE316 /* MovieDetailsViewModel.swift */ = {isa = PBXFileReference; lastKnownFileType = sourcecode.swift; path = MovieDetailsViewModel.swift; sourceTree = "<group>"; };
		EDD790F8267E2C9000757148 /* CounterCardView.swift */ = {isa = PBXFileReference; lastKnownFileType = sourcecode.swift; path = CounterCardView.swift; sourceTree = "<group>"; };
		EDD790FD267E2CCE00757148 /* CounterCardCollectionView.swift */ = {isa = PBXFileReference; lastKnownFileType = sourcecode.swift; path = CounterCardCollectionView.swift; sourceTree = "<group>"; };
		EDD79102267E319800757148 /* ScrollingHStackModifier.swift */ = {isa = PBXFileReference; lastKnownFileType = sourcecode.swift; path = ScrollingHStackModifier.swift; sourceTree = "<group>"; };
		EDD7910F267E9D8C00757148 /* AddButtonView.swift */ = {isa = PBXFileReference; lastKnownFileType = sourcecode.swift; path = AddButtonView.swift; sourceTree = "<group>"; };
		EDD79114267EA0FB00757148 /* DateCategoryView.swift */ = {isa = PBXFileReference; lastKnownFileType = sourcecode.swift; path = DateCategoryView.swift; sourceTree = "<group>"; };
		EDD79119267EA25900757148 /* DateView.swift */ = {isa = PBXFileReference; lastKnownFileType = sourcecode.swift; path = DateView.swift; sourceTree = "<group>"; };
		EDD79122267EA2A600757148 /* DateViewModel.swift */ = {isa = PBXFileReference; lastKnownFileType = sourcecode.swift; path = DateViewModel.swift; sourceTree = "<group>"; };
		EDD79127267EA2BB00757148 /* DateModel.swift */ = {isa = PBXFileReference; lastKnownFileType = sourcecode.swift; path = DateModel.swift; sourceTree = "<group>"; };
		EDD968F526D450220034397C /* MovieWatchList.swift */ = {isa = PBXFileReference; lastKnownFileType = sourcecode.swift; path = MovieWatchList.swift; sourceTree = "<group>"; };
		EDD968F726D450370034397C /* MovieWatchListProtocol.swift */ = {isa = PBXFileReference; lastKnownFileType = sourcecode.swift; path = MovieWatchListProtocol.swift; sourceTree = "<group>"; };
		EDD9690026D45C500034397C /* MovieDatabaseProtocol.swift */ = {isa = PBXFileReference; lastKnownFileType = sourcecode.swift; path = MovieDatabaseProtocol.swift; sourceTree = "<group>"; };
		EDD9690526D45E120034397C /* MovieSearchResult.swift */ = {isa = PBXFileReference; lastKnownFileType = sourcecode.swift; path = MovieSearchResult.swift; sourceTree = "<group>"; };
		EDD9690726D45E170034397C /* MovieInformationResult.swift */ = {isa = PBXFileReference; lastKnownFileType = sourcecode.swift; path = MovieInformationResult.swift; sourceTree = "<group>"; };
		EDD9690926D45F8C0034397C /* MovieDatabase.swift */ = {isa = PBXFileReference; lastKnownFileType = sourcecode.swift; path = MovieDatabase.swift; sourceTree = "<group>"; };
		EDD9690B26D461F80034397C /* MovieDatabaseSearchResult.swift */ = {isa = PBXFileReference; fileEncoding = 4; lastKnownFileType = sourcecode.swift; path = MovieDatabaseSearchResult.swift; sourceTree = "<group>"; };
		EDD9690E26D551750034397C /* MockMovieDatabase.swift */ = {isa = PBXFileReference; lastKnownFileType = sourcecode.swift; path = MockMovieDatabase.swift; sourceTree = "<group>"; };
		EDD9691026D5519B0034397C /* MockMovieInformationResult.swift */ = {isa = PBXFileReference; lastKnownFileType = sourcecode.swift; path = MockMovieInformationResult.swift; sourceTree = "<group>"; };
		EDD9691226D551B90034397C /* MockMovieSearchResult.swift */ = {isa = PBXFileReference; lastKnownFileType = sourcecode.swift; path = MockMovieSearchResult.swift; sourceTree = "<group>"; };
		EDD9691426D597FC0034397C /* BatchMovieFetcher.swift */ = {isa = PBXFileReference; lastKnownFileType = sourcecode.swift; path = BatchMovieFetcher.swift; sourceTree = "<group>"; };
		EDD9691626D5A4AC0034397C /* Loadable.swift */ = {isa = PBXFileReference; lastKnownFileType = sourcecode.swift; path = Loadable.swift; sourceTree = "<group>"; };
		EDD9691A26D6E7A90034397C /* MockMovieWatchList.swift */ = {isa = PBXFileReference; lastKnownFileType = sourcecode.swift; path = MockMovieWatchList.swift; sourceTree = "<group>"; };
		EDD9691E26D6EB0F0034397C /* MovieCardList.swift */ = {isa = PBXFileReference; lastKnownFileType = sourcecode.swift; path = MovieCardList.swift; sourceTree = "<group>"; };
		EDD9692826D6F2CB0034397C /* MockMovies.swift */ = {isa = PBXFileReference; lastKnownFileType = sourcecode.swift; path = MockMovies.swift; sourceTree = "<group>"; };
		EDD9692C26D6F4530034397C /* GenreItem.swift */ = {isa = PBXFileReference; lastKnownFileType = sourcecode.swift; path = GenreItem.swift; sourceTree = "<group>"; };
		EDD9692E26D6F56C0034397C /* GenreList.swift */ = {isa = PBXFileReference; lastKnownFileType = sourcecode.swift; path = GenreList.swift; sourceTree = "<group>"; };
		EDD9693026D6F93F0034397C /* AddMovieButton.swift */ = {isa = PBXFileReference; lastKnownFileType = sourcecode.swift; path = AddMovieButton.swift; sourceTree = "<group>"; };
		EDD9693426D6FB410034397C /* DisplayableMovieProtocol.swift */ = {isa = PBXFileReference; lastKnownFileType = sourcecode.swift; path = DisplayableMovieProtocol.swift; sourceTree = "<group>"; };
		EDD9693B26D7188F0034397C /* MovieDetailSheet.swift */ = {isa = PBXFileReference; lastKnownFileType = sourcecode.swift; path = MovieDetailSheet.swift; sourceTree = "<group>"; };
		EDEF7E4926D8344C00568ED6 /* MovieDetailsView.swift */ = {isa = PBXFileReference; lastKnownFileType = sourcecode.swift; path = MovieDetailsView.swift; sourceTree = "<group>"; };
		EDFFC97C26D835C300C48912 /* RoundedButtonModifier.swift */ = {isa = PBXFileReference; lastKnownFileType = sourcecode.swift; path = RoundedButtonModifier.swift; sourceTree = "<group>"; };
/* End PBXFileReference section */

/* Begin PBXFrameworksBuildPhase section */
		ED7860362674F9E1003B1C67 /* Frameworks */ = {
			isa = PBXFrameworksBuildPhase;
			buildActionMask = 2147483647;
			files = (
			);
			runOnlyForDeploymentPostprocessing = 0;
		};
		ED7860472674F9E2003B1C67 /* Frameworks */ = {
			isa = PBXFrameworksBuildPhase;
			buildActionMask = 2147483647;
			files = (
			);
			runOnlyForDeploymentPostprocessing = 0;
		};
		ED7860522674F9E2003B1C67 /* Frameworks */ = {
			isa = PBXFrameworksBuildPhase;
			buildActionMask = 2147483647;
			files = (
			);
			runOnlyForDeploymentPostprocessing = 0;
		};
/* End PBXFrameworksBuildPhase section */

/* Begin PBXGroup section */
		ED234D8926815C2D004284FA /* Networking */ = {
			isa = PBXGroup;
			children = (
				ED234D8A26815C42004284FA /* NetworkAPI.swift */,
				EDD9690426D45DF80034397C /* MovieDatabaseAPI */,
			);
			path = Networking;
			sourceTree = "<group>";
		};
		ED234D97268162F8004284FA /* MovieDatabase */ = {
			isa = PBXGroup;
			children = (
				EDD9690926D45F8C0034397C /* MovieDatabase.swift */,
				EDD9690026D45C500034397C /* MovieDatabaseProtocol.swift */,
				EDD9690726D45E170034397C /* MovieInformationResult.swift */,
				EDD9690526D45E120034397C /* MovieSearchResult.swift */,
			);
			path = MovieDatabase;
			sourceTree = "<group>";
		};
		ED234DA026817111004284FA /* Movie Search */ = {
			isa = PBXGroup;
			children = (
				ED234D9B26816F85004284FA /* MovieSearchViewModel.swift */,
				ED234DA1268171C0004284FA /* MovieSearchView.swift */,
			);
			path = "Movie Search";
			sourceTree = "<group>";
		};
		ED32D3EA26795EE400E0D52C /* Home */ = {
			isa = PBXGroup;
			children = (
				EDBB7100267969B80082146B /* HomeModel.swift */,
				ED32D401267961BA00E0D52C /* CounterViewModel.swift */,
				ED32D3EB26795EFE00E0D52C /* CounterView.swift */,
				EDD790F8267E2C9000757148 /* CounterCardView.swift */,
				EDD790FD267E2CCE00757148 /* CounterCardCollectionView.swift */,
				EDD79102267E319800757148 /* ScrollingHStackModifier.swift */,
			);
			path = Home;
			sourceTree = "<group>";
		};
		ED590AB026F16FC200711CAF /* WatchList */ = {
			isa = PBXGroup;
			children = (
				EDBFA97B26E6A4D500E16084 /* WatchListProtocol.swift */,
				ED590AAE26F16E6900711CAF /* WatchList.swift */,
			);
			path = WatchList;
			sourceTree = "<group>";
		};
		ED590AB326F1709200711CAF /* MovieInformation */ = {
			isa = PBXGroup;
			children = (
				EDD9691426D597FC0034397C /* BatchMovieFetcher.swift */,
				ED590AB426F1713F00711CAF /* MovieInformationFetcher.swift */,
				ED590AB626F1748200711CAF /* MovieInformationFetcherProtocol.swift */,
			);
			path = MovieInformation;
			sourceTree = "<group>";
		};
		ED590AC026FFA74E00711CAF /* Movie Watch List */ = {
			isa = PBXGroup;
			children = (
				ED590ABA26FFA39100711CAF /* MovieWatchListView.swift */,
				ED590ACB26FFA9D600711CAF /* MovieWatchListBodyView.swift */,
				ED590AC326FFA78D00711CAF /* MovieWatchListLoadingView.swift */,
				ED590AC526FFA7C900711CAF /* MoviewWatchListNetworkErrorView.swift */,
				ED590AC726FFA81E00711CAF /* MovieWatchListServerErrorView.swift */,
				EDC485E126FFB07400DAE316 /* Movie list */,
				ED590ABC26FFA41700711CAF /* MovieWatchListViewModel.swift */,
			);
			path = "Movie Watch List";
			sourceTree = "<group>";
		};
		ED7860302674F9E1003B1C67 = {
			isa = PBXGroup;
			children = (
				ED78603B2674F9E1003B1C67 /* RickSwiftUI */,
				ED78604D2674F9E2003B1C67 /* RickSwiftUITests */,
				ED7860582674F9E2003B1C67 /* RickSwiftUIUITests */,
				ED78603A2674F9E1003B1C67 /* Products */,
			);
			sourceTree = "<group>";
		};
		ED78603A2674F9E1003B1C67 /* Products */ = {
			isa = PBXGroup;
			children = (
				ED7860392674F9E1003B1C67 /* RickSwiftUI.app */,
				ED78604A2674F9E2003B1C67 /* RickSwiftUITests.xctest */,
				ED7860552674F9E2003B1C67 /* RickSwiftUIUITests.xctest */,
			);
			name = Products;
			sourceTree = "<group>";
		};
		ED78603B2674F9E1003B1C67 /* RickSwiftUI */ = {
			isa = PBXGroup;
			children = (
				EDBFA97426E6992200E16084 /* Extensions */,
				EDBFA96F26E6944E00E16084 /* Utilities */,
				EDB0B23B26D838E0008031C2 /* Branding */,
				EDD9692026D6ED5F0034397C /* Model */,
				EDD968FB26D4587E0034397C /* User Interface */,
				ED234D8926815C2D004284FA /* Networking */,
				ED78603C2674F9E1003B1C67 /* RickSwiftUIApp.swift */,
				ED32D3EA26795EE400E0D52C /* Home */,
				EDD7910A267E9D3500757148 /* Date */,
				ED7860402674F9E2003B1C67 /* Assets.xcassets */,
				ED7860452674F9E2003B1C67 /* Info.plist */,
				ED7860422674F9E2003B1C67 /* Preview Content */,
			);
			path = RickSwiftUI;
			sourceTree = "<group>";
		};
		ED7860422674F9E2003B1C67 /* Preview Content */ = {
			isa = PBXGroup;
			children = (
				ED7860432674F9E2003B1C67 /* Preview Assets.xcassets */,
			);
			path = "Preview Content";
			sourceTree = "<group>";
		};
		ED78604D2674F9E2003B1C67 /* RickSwiftUITests */ = {
			isa = PBXGroup;
			children = (
				ED78604E2674F9E2003B1C67 /* RuntimeParserTests.swift */,
				EDBFA97726E69B6400E16084 /* StringExtensionTests.swift */,
				ED7860502674F9E2003B1C67 /* Info.plist */,
			);
			path = RickSwiftUITests;
			sourceTree = "<group>";
		};
		ED7860582674F9E2003B1C67 /* RickSwiftUIUITests */ = {
			isa = PBXGroup;
			children = (
				ED7860592674F9E2003B1C67 /* RickSwiftUIUITests.swift */,
				ED78605B2674F9E2003B1C67 /* Info.plist */,
			);
			path = RickSwiftUIUITests;
			sourceTree = "<group>";
		};
		EDB0B23B26D838E0008031C2 /* Branding */ = {
			isa = PBXGroup;
			children = (
				EDB0B23C26D838EF008031C2 /* UIColor+Branding.swift */,
			);
			path = Branding;
			sourceTree = "<group>";
		};
		EDB0B24326D8475C008031C2 /* Movie Details */ = {
			isa = PBXGroup;
			children = (
				EDB0B24426D84BBE008031C2 /* DisplayableMovie.swift */,
				EDD9693426D6FB410034397C /* DisplayableMovieProtocol.swift */,
			);
			path = "Movie Details";
			sourceTree = "<group>";
		};
		EDB0B24A26D86E9B008031C2 /* Add Movie */ = {
			isa = PBXGroup;
			children = (
				EDB0B24826D86D81008031C2 /* AddMovieView.swift */,
				EDB52CF426D96D21002D6097 /* AddMovieCard.swift */,
				EDB52CF626D96DC8002D6097 /* AddMovieDetailsView.swift */,
				EDB52CF826D96E09002D6097 /* AddMovieDetailsViewModel.swift */,
				EDB0B24B26D86EAD008031C2 /* AddMovieSearcher.swift */,
			);
			path = "Add Movie";
			sourceTree = "<group>";
		};
		EDB52CFA26D9711A002D6097 /* Movie Details */ = {
			isa = PBXGroup;
			children = (
				EDD9693B26D7188F0034397C /* MovieDetailSheet.swift */,
			);
			path = "Movie Details";
			sourceTree = "<group>";
		};
		EDBFA96F26E6944E00E16084 /* Utilities */ = {
			isa = PBXGroup;
			children = (
				EDD9691626D5A4AC0034397C /* Loadable.swift */,
				ED590ABE26FFA5ED00711CAF /* RemoteLoadable.swift */,
				EDBFA97026E6946600E16084 /* RuntimeParser.swift */,
				EDBFA97226E696A400E16084 /* GenreParser.swift */,
			);
			path = Utilities;
			sourceTree = "<group>";
		};
		EDBFA97426E6992200E16084 /* Extensions */ = {
			isa = PBXGroup;
			children = (
				EDBFA97526E6992F00E16084 /* StringHelpers.swift */,
			);
			path = Extensions;
			sourceTree = "<group>";
		};
		EDC485E126FFB07400DAE316 /* Movie list */ = {
			isa = PBXGroup;
			children = (
				EDD9692C26D6F4530034397C /* GenreItem.swift */,
				EDC485EA26FFC36000DAE316 /* Movie Card */,
				EDD9691E26D6EB0F0034397C /* MovieCardList.swift */,
				EDC485E226FFB08500DAE316 /* MovieGenreList.swift */,
				ED590AC926FFA84C00711CAF /* MovieListView.swift */,
				EDC485E626FFB4BE00DAE316 /* MovieListViewModel.swift */,
			);
			path = "Movie list";
			sourceTree = "<group>";
		};
		EDC485EA26FFC36000DAE316 /* Movie Card */ = {
			isa = PBXGroup;
			children = (
				EDC485E826FFC1F500DAE316 /* ModifiableMovieCard.swift */,
				EDB0B24D26D90AA2008031C2 /* MovieCard.swift */,
				EDB0B25226D90C0F008031C2 /* MovieCardDetails.swift */,
				EDEF7E4926D8344C00568ED6 /* MovieDetailsView.swift */,
				EDC485ED26FFC83500DAE316 /* MovieDetailsViewModel.swift */,
				EDB52CFB26D9717F002D6097 /* MovieListDetailSheet.swift */,
				EDB0B25026D90BE0008031C2 /* PosterImage.swift */,
			);
			path = "Movie Card";
			sourceTree = "<group>";
		};
		EDD7910A267E9D3500757148 /* Date */ = {
			isa = PBXGroup;
			children = (
				ED234DA026817111004284FA /* Movie Search */,
				ED78606A2674F9FA003B1C67 /* DateCardView.swift */,
				EDD7910F267E9D8C00757148 /* AddButtonView.swift */,
				EDD79114267EA0FB00757148 /* DateCategoryView.swift */,
				EDD79119267EA25900757148 /* DateView.swift */,
				EDD79122267EA2A600757148 /* DateViewModel.swift */,
				EDD79127267EA2BB00757148 /* DateModel.swift */,
			);
			path = Date;
			sourceTree = "<group>";
		};
		EDD7912C267EA75500757148 /* Custom Views */ = {
			isa = PBXGroup;
			children = (
				ED7860A0267531F8003B1C67 /* RemoteImageView.swift */,
				ED429ED2267EAAC8003DC086 /* ImageLoader.swift */,
				ED234DA62681731C004284FA /* SearchBar.swift */,
				EDB0B24026D83B7A008031C2 /* StylizedButton.swift */,
			);
			path = "Custom Views";
			sourceTree = "<group>";
		};
		EDD968F426D450150034397C /* Movies */ = {
			isa = PBXGroup;
			children = (
				EDD968F526D450220034397C /* MovieWatchList.swift */,
				EDD968F726D450370034397C /* MovieWatchListProtocol.swift */,
				ED234D97268162F8004284FA /* MovieDatabase */,
			);
			path = Movies;
			sourceTree = "<group>";
		};
		EDD968FB26D4587E0034397C /* User Interface */ = {
			isa = PBXGroup;
			children = (
				ED590AC026FFA74E00711CAF /* Movie Watch List */,
				EDD7912C267EA75500757148 /* Custom Views */,
				EDD9692326D6F2100034397C /* Movies */,
				EDFFC97B26D835B000C48912 /* View Modifiers */,
			);
			path = "User Interface";
			sourceTree = "<group>";
		};
		EDD9690426D45DF80034397C /* MovieDatabaseAPI */ = {
			isa = PBXGroup;
			children = (
				ED234D8F268162C3004284FA /* MovieDatabaseAPI.swift */,
				EDB52CFD26D985F4002D6097 /* MovieDatabaseInformationResult.swift */,
				EDB52CFF26D988C5002D6097 /* MovieDatabaseSearchAPI.swift */,
				EDB52D0126D98970002D6097 /* MovieDatabaseInformationAPI.swift */,
				EDD9690B26D461F80034397C /* MovieDatabaseSearchResult.swift */,
			);
			path = MovieDatabaseAPI;
			sourceTree = "<group>";
		};
		EDD9690D26D5514F0034397C /* MockMovieDatabaseAPI */ = {
			isa = PBXGroup;
			children = (
				EDD9690E26D551750034397C /* MockMovieDatabase.swift */,
				EDD9691026D5519B0034397C /* MockMovieInformationResult.swift */,
				EDD9691226D551B90034397C /* MockMovieSearchResult.swift */,
				ED590AB826F17C7E00711CAF /* MockMovieInformationFetcher.swift */,
			);
			path = MockMovieDatabaseAPI;
			sourceTree = "<group>";
		};
		EDD9692026D6ED5F0034397C /* Model */ = {
			isa = PBXGroup;
			children = (
				EDD9692126D6ED720034397C /* Mocks */,
				ED590AB126F1707400711CAF /* Movie.swift */,
				ED590AB326F1709200711CAF /* MovieInformation */,
				EDD968F426D450150034397C /* Movies */,
				ED429ED7267EAF5A003DC086 /* StreamingPlatforms.swift */,
				ED590AB026F16FC200711CAF /* WatchList */,
			);
			path = Model;
			sourceTree = "<group>";
		};
		EDD9692126D6ED720034397C /* Mocks */ = {
			isa = PBXGroup;
			children = (
				EDD9692226D6ED9D0034397C /* Movies */,
			);
			path = Mocks;
			sourceTree = "<group>";
		};
		EDD9692226D6ED9D0034397C /* Movies */ = {
			isa = PBXGroup;
			children = (
				EDD9690D26D5514F0034397C /* MockMovieDatabaseAPI */,
				EDD9692826D6F2CB0034397C /* MockMovies.swift */,
				EDD9691A26D6E7A90034397C /* MockMovieWatchList.swift */,
			);
			path = Movies;
			sourceTree = "<group>";
		};
		EDD9692326D6F2100034397C /* Movies */ = {
			isa = PBXGroup;
			children = (
				EDB0B24326D8475C008031C2 /* Movie Details */,
				EDD9693826D704D50034397C /* Components */,
				EDB0B24A26D86E9B008031C2 /* Add Movie */,
			);
			path = Movies;
			sourceTree = "<group>";
		};
		EDD9693826D704D50034397C /* Components */ = {
			isa = PBXGroup;
			children = (
				EDB52CFA26D9711A002D6097 /* Movie Details */,
				EDD9693026D6F93F0034397C /* AddMovieButton.swift */,
				EDD9692E26D6F56C0034397C /* GenreList.swift */,
			);
			path = Components;
			sourceTree = "<group>";
		};
		EDFFC97B26D835B000C48912 /* View Modifiers */ = {
			isa = PBXGroup;
			children = (
				EDFFC97C26D835C300C48912 /* RoundedButtonModifier.swift */,
			);
			path = "View Modifiers";
			sourceTree = "<group>";
		};
/* End PBXGroup section */

/* Begin PBXNativeTarget section */
		ED7860382674F9E1003B1C67 /* RickSwiftUI */ = {
			isa = PBXNativeTarget;
			buildConfigurationList = ED78605E2674F9E2003B1C67 /* Build configuration list for PBXNativeTarget "RickSwiftUI" */;
			buildPhases = (
				ED7860352674F9E1003B1C67 /* Sources */,
				ED7860362674F9E1003B1C67 /* Frameworks */,
				ED7860372674F9E1003B1C67 /* Resources */,
			);
			buildRules = (
			);
			dependencies = (
			);
			name = RickSwiftUI;
			productName = RickSwiftUI;
			productReference = ED7860392674F9E1003B1C67 /* RickSwiftUI.app */;
			productType = "com.apple.product-type.application";
		};
		ED7860492674F9E2003B1C67 /* RickSwiftUITests */ = {
			isa = PBXNativeTarget;
			buildConfigurationList = ED7860612674F9E2003B1C67 /* Build configuration list for PBXNativeTarget "RickSwiftUITests" */;
			buildPhases = (
				ED7860462674F9E2003B1C67 /* Sources */,
				ED7860472674F9E2003B1C67 /* Frameworks */,
				ED7860482674F9E2003B1C67 /* Resources */,
			);
			buildRules = (
			);
			dependencies = (
				ED78604C2674F9E2003B1C67 /* PBXTargetDependency */,
			);
			name = RickSwiftUITests;
			productName = RickSwiftUITests;
			productReference = ED78604A2674F9E2003B1C67 /* RickSwiftUITests.xctest */;
			productType = "com.apple.product-type.bundle.unit-test";
		};
		ED7860542674F9E2003B1C67 /* RickSwiftUIUITests */ = {
			isa = PBXNativeTarget;
			buildConfigurationList = ED7860642674F9E2003B1C67 /* Build configuration list for PBXNativeTarget "RickSwiftUIUITests" */;
			buildPhases = (
				ED7860512674F9E2003B1C67 /* Sources */,
				ED7860522674F9E2003B1C67 /* Frameworks */,
				ED7860532674F9E2003B1C67 /* Resources */,
			);
			buildRules = (
			);
			dependencies = (
				ED7860572674F9E2003B1C67 /* PBXTargetDependency */,
			);
			name = RickSwiftUIUITests;
			productName = RickSwiftUIUITests;
			productReference = ED7860552674F9E2003B1C67 /* RickSwiftUIUITests.xctest */;
			productType = "com.apple.product-type.bundle.ui-testing";
		};
/* End PBXNativeTarget section */

/* Begin PBXProject section */
		ED7860312674F9E1003B1C67 /* Project object */ = {
			isa = PBXProject;
			attributes = {
				LastSwiftUpdateCheck = 1230;
				LastUpgradeCheck = 1230;
				TargetAttributes = {
					ED7860382674F9E1003B1C67 = {
						CreatedOnToolsVersion = 12.3;
					};
					ED7860492674F9E2003B1C67 = {
						CreatedOnToolsVersion = 12.3;
						TestTargetID = ED7860382674F9E1003B1C67;
					};
					ED7860542674F9E2003B1C67 = {
						CreatedOnToolsVersion = 12.3;
						TestTargetID = ED7860382674F9E1003B1C67;
					};
				};
			};
			buildConfigurationList = ED7860342674F9E1003B1C67 /* Build configuration list for PBXProject "RickSwiftUI" */;
			compatibilityVersion = "Xcode 9.3";
			developmentRegion = en;
			hasScannedForEncodings = 0;
			knownRegions = (
				en,
				Base,
			);
			mainGroup = ED7860302674F9E1003B1C67;
			productRefGroup = ED78603A2674F9E1003B1C67 /* Products */;
			projectDirPath = "";
			projectRoot = "";
			targets = (
				ED7860382674F9E1003B1C67 /* RickSwiftUI */,
				ED7860492674F9E2003B1C67 /* RickSwiftUITests */,
				ED7860542674F9E2003B1C67 /* RickSwiftUIUITests */,
			);
		};
/* End PBXProject section */

/* Begin PBXResourcesBuildPhase section */
		ED7860372674F9E1003B1C67 /* Resources */ = {
			isa = PBXResourcesBuildPhase;
			buildActionMask = 2147483647;
			files = (
				ED7860442674F9E2003B1C67 /* Preview Assets.xcassets in Resources */,
				ED7860412674F9E2003B1C67 /* Assets.xcassets in Resources */,
			);
			runOnlyForDeploymentPostprocessing = 0;
		};
		ED7860482674F9E2003B1C67 /* Resources */ = {
			isa = PBXResourcesBuildPhase;
			buildActionMask = 2147483647;
			files = (
			);
			runOnlyForDeploymentPostprocessing = 0;
		};
		ED7860532674F9E2003B1C67 /* Resources */ = {
			isa = PBXResourcesBuildPhase;
			buildActionMask = 2147483647;
			files = (
			);
			runOnlyForDeploymentPostprocessing = 0;
		};
/* End PBXResourcesBuildPhase section */

/* Begin PBXSourcesBuildPhase section */
		ED7860352674F9E1003B1C67 /* Sources */ = {
			isa = PBXSourcesBuildPhase;
			buildActionMask = 2147483647;
			files = (
				ED234D8B26815C42004284FA /* NetworkAPI.swift in Sources */,
				EDB52CFC26D9717F002D6097 /* MovieListDetailSheet.swift in Sources */,
				EDFFC97D26D835C300C48912 /* RoundedButtonModifier.swift in Sources */,
				EDD9690126D45C500034397C /* MovieDatabaseProtocol.swift in Sources */,
				EDEF7E4A26D8344C00568ED6 /* MovieDetailsView.swift in Sources */,
				EDD9690A26D45F8C0034397C /* MovieDatabase.swift in Sources */,
				EDD9691326D551B90034397C /* MockMovieSearchResult.swift in Sources */,
				EDD79110267E9D8C00757148 /* AddButtonView.swift in Sources */,
				ED590AB726F1748200711CAF /* MovieInformationFetcherProtocol.swift in Sources */,
				EDB52D0026D988C5002D6097 /* MovieDatabaseSearchAPI.swift in Sources */,
				EDBFA97326E696A400E16084 /* GenreParser.swift in Sources */,
				EDD79128267EA2BB00757148 /* DateModel.swift in Sources */,
				EDC485E926FFC1F500DAE316 /* ModifiableMovieCard.swift in Sources */,
				EDD9692926D6F2CB0034397C /* MockMovies.swift in Sources */,
				EDB0B24C26D86EAD008031C2 /* AddMovieSearcher.swift in Sources */,
				EDB0B24526D84BBF008031C2 /* DisplayableMovie.swift in Sources */,
				ED590ABB26FFA39100711CAF /* MovieWatchListView.swift in Sources */,
				EDC485E726FFB4BE00DAE316 /* MovieListViewModel.swift in Sources */,
				EDD9693126D6F93F0034397C /* AddMovieButton.swift in Sources */,
				ED590AB526F1713F00711CAF /* MovieInformationFetcher.swift in Sources */,
				EDD968F826D450370034397C /* MovieWatchListProtocol.swift in Sources */,
				ED590ACC26FFA9D600711CAF /* MovieWatchListBodyView.swift in Sources */,
				EDB52D0226D98970002D6097 /* MovieDatabaseInformationAPI.swift in Sources */,
				ED78603D2674F9E1003B1C67 /* RickSwiftUIApp.swift in Sources */,
				EDB52CF526D96D21002D6097 /* AddMovieCard.swift in Sources */,
				EDD9691526D597FC0034397C /* BatchMovieFetcher.swift in Sources */,
				EDD9692D26D6F4530034397C /* GenreItem.swift in Sources */,
				EDD9691B26D6E7AA0034397C /* MockMovieWatchList.swift in Sources */,
				EDD9693526D6FB410034397C /* DisplayableMovieProtocol.swift in Sources */,
				EDD7911A267EA25900757148 /* DateView.swift in Sources */,
				ED590AC426FFA78D00711CAF /* MovieWatchListLoadingView.swift in Sources */,
				EDBB7101267969B80082146B /* HomeModel.swift in Sources */,
				ED429ED8267EAF5A003DC086 /* StreamingPlatforms.swift in Sources */,
				EDD9691F26D6EB0F0034397C /* MovieCardList.swift in Sources */,
				EDC485E326FFB08500DAE316 /* MovieGenreList.swift in Sources */,
				ED590ACA26FFA84C00711CAF /* MovieListView.swift in Sources */,
				ED234D9C26816F85004284FA /* MovieSearchViewModel.swift in Sources */,
				EDB0B24126D83B7A008031C2 /* StylizedButton.swift in Sources */,
				ED590AC826FFA81E00711CAF /* MovieWatchListServerErrorView.swift in Sources */,
				EDD9691126D5519B0034397C /* MockMovieInformationResult.swift in Sources */,
				EDD9693C26D7188F0034397C /* MovieDetailSheet.swift in Sources */,
				ED234D90268162C3004284FA /* MovieDatabaseAPI.swift in Sources */,
				EDB0B23D26D838EF008031C2 /* UIColor+Branding.swift in Sources */,
				EDD9690F26D551750034397C /* MockMovieDatabase.swift in Sources */,
				EDBFA97626E6992F00E16084 /* StringHelpers.swift in Sources */,
				EDBFA97126E6946600E16084 /* RuntimeParser.swift in Sources */,
				EDD79115267EA0FB00757148 /* DateCategoryView.swift in Sources */,
				EDD9690C26D461F80034397C /* MovieDatabaseSearchResult.swift in Sources */,
				EDD968F626D450220034397C /* MovieWatchList.swift in Sources */,
				EDB0B24E26D90AA2008031C2 /* MovieCard.swift in Sources */,
				EDD79123267EA2A600757148 /* DateViewModel.swift in Sources */,
				ED590AB226F1707400711CAF /* Movie.swift in Sources */,
				EDD790F9267E2C9000757148 /* CounterCardView.swift in Sources */,
				EDBFA97C26E6A4D500E16084 /* WatchListProtocol.swift in Sources */,
				ED7860A1267531F8003B1C67 /* RemoteImageView.swift in Sources */,
				ED234DA2268171C0004284FA /* MovieSearchView.swift in Sources */,
				ED234DA72681731C004284FA /* SearchBar.swift in Sources */,
				EDB0B25326D90C0F008031C2 /* MovieCardDetails.swift in Sources */,
				EDD9690626D45E120034397C /* MovieSearchResult.swift in Sources */,
				EDD79103267E319800757148 /* ScrollingHStackModifier.swift in Sources */,
				EDD9691726D5A4AC0034397C /* Loadable.swift in Sources */,
				EDD9690826D45E170034397C /* MovieInformationResult.swift in Sources */,
				ED590AC626FFA7C900711CAF /* MoviewWatchListNetworkErrorView.swift in Sources */,
				EDD9692F26D6F56C0034397C /* GenreList.swift in Sources */,
				EDB52CFE26D985F4002D6097 /* MovieDatabaseInformationResult.swift in Sources */,
				ED32D402267961BA00E0D52C /* CounterViewModel.swift in Sources */,
				EDC485EE26FFC83600DAE316 /* MovieDetailsViewModel.swift in Sources */,
				EDB52CF726D96DC8002D6097 /* AddMovieDetailsView.swift in Sources */,
				ED590AB926F17C7E00711CAF /* MockMovieInformationFetcher.swift in Sources */,
				ED590AAF26F16E6900711CAF /* WatchList.swift in Sources */,
				ED429ED3267EAAC8003DC086 /* ImageLoader.swift in Sources */,
				ED78606B2674F9FA003B1C67 /* DateCardView.swift in Sources */,
				ED32D3EC26795EFE00E0D52C /* CounterView.swift in Sources */,
				EDB0B25126D90BE0008031C2 /* PosterImage.swift in Sources */,
				EDB52CF926D96E09002D6097 /* AddMovieDetailsViewModel.swift in Sources */,
				ED590ABF26FFA5ED00711CAF /* RemoteLoadable.swift in Sources */,
				EDB0B24926D86D81008031C2 /* AddMovieView.swift in Sources */,
				EDD790FE267E2CCE00757148 /* CounterCardCollectionView.swift in Sources */,
				ED590ABD26FFA41700711CAF /* MovieWatchListViewModel.swift in Sources */,
			);
			runOnlyForDeploymentPostprocessing = 0;
		};
		ED7860462674F9E2003B1C67 /* Sources */ = {
			isa = PBXSourcesBuildPhase;
			buildActionMask = 2147483647;
			files = (
				EDBFA97826E69B6400E16084 /* StringExtensionTests.swift in Sources */,
				ED78604F2674F9E2003B1C67 /* RuntimeParserTests.swift in Sources */,
			);
			runOnlyForDeploymentPostprocessing = 0;
		};
		ED7860512674F9E2003B1C67 /* Sources */ = {
			isa = PBXSourcesBuildPhase;
			buildActionMask = 2147483647;
			files = (
				ED78605A2674F9E2003B1C67 /* RickSwiftUIUITests.swift in Sources */,
			);
			runOnlyForDeploymentPostprocessing = 0;
		};
/* End PBXSourcesBuildPhase section */

/* Begin PBXTargetDependency section */
		ED78604C2674F9E2003B1C67 /* PBXTargetDependency */ = {
			isa = PBXTargetDependency;
			target = ED7860382674F9E1003B1C67 /* RickSwiftUI */;
			targetProxy = ED78604B2674F9E2003B1C67 /* PBXContainerItemProxy */;
		};
		ED7860572674F9E2003B1C67 /* PBXTargetDependency */ = {
			isa = PBXTargetDependency;
			target = ED7860382674F9E1003B1C67 /* RickSwiftUI */;
			targetProxy = ED7860562674F9E2003B1C67 /* PBXContainerItemProxy */;
		};
/* End PBXTargetDependency section */

/* Begin XCBuildConfiguration section */
		ED78605C2674F9E2003B1C67 /* Debug */ = {
			isa = XCBuildConfiguration;
			buildSettings = {
				ALWAYS_SEARCH_USER_PATHS = NO;
				CLANG_ANALYZER_NONNULL = YES;
				CLANG_ANALYZER_NUMBER_OBJECT_CONVERSION = YES_AGGRESSIVE;
				CLANG_CXX_LANGUAGE_STANDARD = "gnu++14";
				CLANG_CXX_LIBRARY = "libc++";
				CLANG_ENABLE_MODULES = YES;
				CLANG_ENABLE_OBJC_ARC = YES;
				CLANG_ENABLE_OBJC_WEAK = YES;
				CLANG_WARN_BLOCK_CAPTURE_AUTORELEASING = YES;
				CLANG_WARN_BOOL_CONVERSION = YES;
				CLANG_WARN_COMMA = YES;
				CLANG_WARN_CONSTANT_CONVERSION = YES;
				CLANG_WARN_DEPRECATED_OBJC_IMPLEMENTATIONS = YES;
				CLANG_WARN_DIRECT_OBJC_ISA_USAGE = YES_ERROR;
				CLANG_WARN_DOCUMENTATION_COMMENTS = YES;
				CLANG_WARN_EMPTY_BODY = YES;
				CLANG_WARN_ENUM_CONVERSION = YES;
				CLANG_WARN_INFINITE_RECURSION = YES;
				CLANG_WARN_INT_CONVERSION = YES;
				CLANG_WARN_NON_LITERAL_NULL_CONVERSION = YES;
				CLANG_WARN_OBJC_IMPLICIT_RETAIN_SELF = YES;
				CLANG_WARN_OBJC_LITERAL_CONVERSION = YES;
				CLANG_WARN_OBJC_ROOT_CLASS = YES_ERROR;
				CLANG_WARN_QUOTED_INCLUDE_IN_FRAMEWORK_HEADER = YES;
				CLANG_WARN_RANGE_LOOP_ANALYSIS = YES;
				CLANG_WARN_STRICT_PROTOTYPES = YES;
				CLANG_WARN_SUSPICIOUS_MOVE = YES;
				CLANG_WARN_UNGUARDED_AVAILABILITY = YES_AGGRESSIVE;
				CLANG_WARN_UNREACHABLE_CODE = YES;
				CLANG_WARN__DUPLICATE_METHOD_MATCH = YES;
				COPY_PHASE_STRIP = NO;
				DEBUG_INFORMATION_FORMAT = dwarf;
				ENABLE_STRICT_OBJC_MSGSEND = YES;
				ENABLE_TESTABILITY = YES;
				GCC_C_LANGUAGE_STANDARD = gnu11;
				GCC_DYNAMIC_NO_PIC = NO;
				GCC_NO_COMMON_BLOCKS = YES;
				GCC_OPTIMIZATION_LEVEL = 0;
				GCC_PREPROCESSOR_DEFINITIONS = (
					"DEBUG=1",
					"$(inherited)",
				);
				GCC_WARN_64_TO_32_BIT_CONVERSION = YES;
				GCC_WARN_ABOUT_RETURN_TYPE = YES_ERROR;
				GCC_WARN_UNDECLARED_SELECTOR = YES;
				GCC_WARN_UNINITIALIZED_AUTOS = YES_AGGRESSIVE;
				GCC_WARN_UNUSED_FUNCTION = YES;
				GCC_WARN_UNUSED_VARIABLE = YES;
				IPHONEOS_DEPLOYMENT_TARGET = 14.3;
				MTL_ENABLE_DEBUG_INFO = INCLUDE_SOURCE;
				MTL_FAST_MATH = YES;
				ONLY_ACTIVE_ARCH = YES;
				SDKROOT = iphoneos;
				SWIFT_ACTIVE_COMPILATION_CONDITIONS = DEBUG;
				SWIFT_OPTIMIZATION_LEVEL = "-Onone";
			};
			name = Debug;
		};
		ED78605D2674F9E2003B1C67 /* Release */ = {
			isa = XCBuildConfiguration;
			buildSettings = {
				ALWAYS_SEARCH_USER_PATHS = NO;
				CLANG_ANALYZER_NONNULL = YES;
				CLANG_ANALYZER_NUMBER_OBJECT_CONVERSION = YES_AGGRESSIVE;
				CLANG_CXX_LANGUAGE_STANDARD = "gnu++14";
				CLANG_CXX_LIBRARY = "libc++";
				CLANG_ENABLE_MODULES = YES;
				CLANG_ENABLE_OBJC_ARC = YES;
				CLANG_ENABLE_OBJC_WEAK = YES;
				CLANG_WARN_BLOCK_CAPTURE_AUTORELEASING = YES;
				CLANG_WARN_BOOL_CONVERSION = YES;
				CLANG_WARN_COMMA = YES;
				CLANG_WARN_CONSTANT_CONVERSION = YES;
				CLANG_WARN_DEPRECATED_OBJC_IMPLEMENTATIONS = YES;
				CLANG_WARN_DIRECT_OBJC_ISA_USAGE = YES_ERROR;
				CLANG_WARN_DOCUMENTATION_COMMENTS = YES;
				CLANG_WARN_EMPTY_BODY = YES;
				CLANG_WARN_ENUM_CONVERSION = YES;
				CLANG_WARN_INFINITE_RECURSION = YES;
				CLANG_WARN_INT_CONVERSION = YES;
				CLANG_WARN_NON_LITERAL_NULL_CONVERSION = YES;
				CLANG_WARN_OBJC_IMPLICIT_RETAIN_SELF = YES;
				CLANG_WARN_OBJC_LITERAL_CONVERSION = YES;
				CLANG_WARN_OBJC_ROOT_CLASS = YES_ERROR;
				CLANG_WARN_QUOTED_INCLUDE_IN_FRAMEWORK_HEADER = YES;
				CLANG_WARN_RANGE_LOOP_ANALYSIS = YES;
				CLANG_WARN_STRICT_PROTOTYPES = YES;
				CLANG_WARN_SUSPICIOUS_MOVE = YES;
				CLANG_WARN_UNGUARDED_AVAILABILITY = YES_AGGRESSIVE;
				CLANG_WARN_UNREACHABLE_CODE = YES;
				CLANG_WARN__DUPLICATE_METHOD_MATCH = YES;
				COPY_PHASE_STRIP = NO;
				DEBUG_INFORMATION_FORMAT = "dwarf-with-dsym";
				ENABLE_NS_ASSERTIONS = NO;
				ENABLE_STRICT_OBJC_MSGSEND = YES;
				GCC_C_LANGUAGE_STANDARD = gnu11;
				GCC_NO_COMMON_BLOCKS = YES;
				GCC_WARN_64_TO_32_BIT_CONVERSION = YES;
				GCC_WARN_ABOUT_RETURN_TYPE = YES_ERROR;
				GCC_WARN_UNDECLARED_SELECTOR = YES;
				GCC_WARN_UNINITIALIZED_AUTOS = YES_AGGRESSIVE;
				GCC_WARN_UNUSED_FUNCTION = YES;
				GCC_WARN_UNUSED_VARIABLE = YES;
				IPHONEOS_DEPLOYMENT_TARGET = 14.3;
				MTL_ENABLE_DEBUG_INFO = NO;
				MTL_FAST_MATH = YES;
				SDKROOT = iphoneos;
				SWIFT_COMPILATION_MODE = wholemodule;
				SWIFT_OPTIMIZATION_LEVEL = "-O";
				VALIDATE_PRODUCT = YES;
			};
			name = Release;
		};
		ED78605F2674F9E2003B1C67 /* Debug */ = {
			isa = XCBuildConfiguration;
			buildSettings = {
				ASSETCATALOG_COMPILER_APPICON_NAME = AppIcon;
				ASSETCATALOG_COMPILER_GLOBAL_ACCENT_COLOR_NAME = AccentColor;
				CODE_SIGN_STYLE = Automatic;
				DEVELOPMENT_ASSET_PATHS = "\"RickSwiftUI/Preview Content\"";
				DEVELOPMENT_TEAM = Z79WKDVVL3;
				ENABLE_PREVIEWS = YES;
				INFOPLIST_FILE = RickSwiftUI/Info.plist;
				IPHONEOS_DEPLOYMENT_TARGET = 14.0;
				LD_RUNPATH_SEARCH_PATHS = (
					"$(inherited)",
					"@executable_path/Frameworks",
				);
				PRODUCT_BUNDLE_IDENTIFIER = com.nkaffine.rickswiftui.1;
				PRODUCT_NAME = "$(TARGET_NAME)";
				SWIFT_VERSION = 5.0;
				TARGETED_DEVICE_FAMILY = "1,2";
			};
			name = Debug;
		};
		ED7860602674F9E2003B1C67 /* Release */ = {
			isa = XCBuildConfiguration;
			buildSettings = {
				ASSETCATALOG_COMPILER_APPICON_NAME = AppIcon;
				ASSETCATALOG_COMPILER_GLOBAL_ACCENT_COLOR_NAME = AccentColor;
				CODE_SIGN_STYLE = Automatic;
				DEVELOPMENT_ASSET_PATHS = "\"RickSwiftUI/Preview Content\"";
				DEVELOPMENT_TEAM = Z79WKDVVL3;
				ENABLE_PREVIEWS = YES;
				INFOPLIST_FILE = RickSwiftUI/Info.plist;
				IPHONEOS_DEPLOYMENT_TARGET = 14.0;
				LD_RUNPATH_SEARCH_PATHS = (
					"$(inherited)",
					"@executable_path/Frameworks",
				);
				PRODUCT_BUNDLE_IDENTIFIER = com.nkaffine.rickswiftui.1;
				PRODUCT_NAME = "$(TARGET_NAME)";
				SWIFT_VERSION = 5.0;
				TARGETED_DEVICE_FAMILY = "1,2";
			};
			name = Release;
		};
		ED7860622674F9E2003B1C67 /* Debug */ = {
			isa = XCBuildConfiguration;
			buildSettings = {
				ALWAYS_EMBED_SWIFT_STANDARD_LIBRARIES = YES;
				BUNDLE_LOADER = "$(TEST_HOST)";
				CODE_SIGN_STYLE = Automatic;
				DEVELOPMENT_TEAM = X24H2MA8E2;
				INFOPLIST_FILE = RickSwiftUITests/Info.plist;
				IPHONEOS_DEPLOYMENT_TARGET = 14.0;
				LD_RUNPATH_SEARCH_PATHS = (
					"$(inherited)",
					"@executable_path/Frameworks",
					"@loader_path/Frameworks",
				);
				PRODUCT_BUNDLE_IDENTIFIER = com.nkaffine.RickSwiftUITests;
				PRODUCT_NAME = "$(TARGET_NAME)";
				SWIFT_VERSION = 5.0;
				TARGETED_DEVICE_FAMILY = "1,2";
				TEST_HOST = "$(BUILT_PRODUCTS_DIR)/RickSwiftUI.app/RickSwiftUI";
			};
			name = Debug;
		};
		ED7860632674F9E2003B1C67 /* Release */ = {
			isa = XCBuildConfiguration;
			buildSettings = {
				ALWAYS_EMBED_SWIFT_STANDARD_LIBRARIES = YES;
				BUNDLE_LOADER = "$(TEST_HOST)";
				CODE_SIGN_STYLE = Automatic;
				DEVELOPMENT_TEAM = X24H2MA8E2;
				INFOPLIST_FILE = RickSwiftUITests/Info.plist;
				IPHONEOS_DEPLOYMENT_TARGET = 14.0;
				LD_RUNPATH_SEARCH_PATHS = (
					"$(inherited)",
					"@executable_path/Frameworks",
					"@loader_path/Frameworks",
				);
				PRODUCT_BUNDLE_IDENTIFIER = com.nkaffine.RickSwiftUITests;
				PRODUCT_NAME = "$(TARGET_NAME)";
				SWIFT_VERSION = 5.0;
				TARGETED_DEVICE_FAMILY = "1,2";
				TEST_HOST = "$(BUILT_PRODUCTS_DIR)/RickSwiftUI.app/RickSwiftUI";
			};
			name = Release;
		};
		ED7860652674F9E2003B1C67 /* Debug */ = {
			isa = XCBuildConfiguration;
			buildSettings = {
				ALWAYS_EMBED_SWIFT_STANDARD_LIBRARIES = YES;
				CODE_SIGN_STYLE = Automatic;
				DEVELOPMENT_TEAM = X24H2MA8E2;
				INFOPLIST_FILE = RickSwiftUIUITests/Info.plist;
				LD_RUNPATH_SEARCH_PATHS = (
					"$(inherited)",
					"@executable_path/Frameworks",
					"@loader_path/Frameworks",
				);
				PRODUCT_BUNDLE_IDENTIFIER = com.nkaffine.RickSwiftUIUITests;
				PRODUCT_NAME = "$(TARGET_NAME)";
				SWIFT_VERSION = 5.0;
				TARGETED_DEVICE_FAMILY = "1,2";
				TEST_TARGET_NAME = RickSwiftUI;
			};
			name = Debug;
		};
		ED7860662674F9E2003B1C67 /* Release */ = {
			isa = XCBuildConfiguration;
			buildSettings = {
				ALWAYS_EMBED_SWIFT_STANDARD_LIBRARIES = YES;
				CODE_SIGN_STYLE = Automatic;
				DEVELOPMENT_TEAM = X24H2MA8E2;
				INFOPLIST_FILE = RickSwiftUIUITests/Info.plist;
				LD_RUNPATH_SEARCH_PATHS = (
					"$(inherited)",
					"@executable_path/Frameworks",
					"@loader_path/Frameworks",
				);
				PRODUCT_BUNDLE_IDENTIFIER = com.nkaffine.RickSwiftUIUITests;
				PRODUCT_NAME = "$(TARGET_NAME)";
				SWIFT_VERSION = 5.0;
				TARGETED_DEVICE_FAMILY = "1,2";
				TEST_TARGET_NAME = RickSwiftUI;
			};
			name = Release;
		};
/* End XCBuildConfiguration section */

/* Begin XCConfigurationList section */
		ED7860342674F9E1003B1C67 /* Build configuration list for PBXProject "RickSwiftUI" */ = {
			isa = XCConfigurationList;
			buildConfigurations = (
				ED78605C2674F9E2003B1C67 /* Debug */,
				ED78605D2674F9E2003B1C67 /* Release */,
			);
			defaultConfigurationIsVisible = 0;
			defaultConfigurationName = Release;
		};
		ED78605E2674F9E2003B1C67 /* Build configuration list for PBXNativeTarget "RickSwiftUI" */ = {
			isa = XCConfigurationList;
			buildConfigurations = (
				ED78605F2674F9E2003B1C67 /* Debug */,
				ED7860602674F9E2003B1C67 /* Release */,
			);
			defaultConfigurationIsVisible = 0;
			defaultConfigurationName = Release;
		};
		ED7860612674F9E2003B1C67 /* Build configuration list for PBXNativeTarget "RickSwiftUITests" */ = {
			isa = XCConfigurationList;
			buildConfigurations = (
				ED7860622674F9E2003B1C67 /* Debug */,
				ED7860632674F9E2003B1C67 /* Release */,
			);
			defaultConfigurationIsVisible = 0;
			defaultConfigurationName = Release;
		};
		ED7860642674F9E2003B1C67 /* Build configuration list for PBXNativeTarget "RickSwiftUIUITests" */ = {
			isa = XCConfigurationList;
			buildConfigurations = (
				ED7860652674F9E2003B1C67 /* Debug */,
				ED7860662674F9E2003B1C67 /* Release */,
			);
			defaultConfigurationIsVisible = 0;
			defaultConfigurationName = Release;
		};
/* End XCConfigurationList section */
	};
	rootObject = ED7860312674F9E1003B1C67 /* Project object */;
}
